// !$*UTF8*$!
{
	archiveVersion = 1;
	classes = {
	};
	objectVersion = 56;
	objects = {

/* Begin PBXBuildFile section */
		07151A042932CB2300D1352B /* Shuffle_Trip_DemoApp.swift in Sources */ = {isa = PBXBuildFile; fileRef = 07151A032932CB2300D1352B /* Shuffle_Trip_DemoApp.swift */; };
		07151A062932CB2300D1352B /* ContentView.swift in Sources */ = {isa = PBXBuildFile; fileRef = 07151A052932CB2300D1352B /* ContentView.swift */; };
		07151A082932CB2600D1352B /* Assets.xcassets in Resources */ = {isa = PBXBuildFile; fileRef = 07151A072932CB2600D1352B /* Assets.xcassets */; };
		07151A0B2932CB2600D1352B /* Preview Assets.xcassets in Resources */ = {isa = PBXBuildFile; fileRef = 07151A0A2932CB2600D1352B /* Preview Assets.xcassets */; };
		07151A152932CB2600D1352B /* Shuffle_Trip_DemoTests.swift in Sources */ = {isa = PBXBuildFile; fileRef = 07151A142932CB2600D1352B /* Shuffle_Trip_DemoTests.swift */; };
		07151A1F2932CB2600D1352B /* Shuffle_Trip_DemoUITests.swift in Sources */ = {isa = PBXBuildFile; fileRef = 07151A1E2932CB2600D1352B /* Shuffle_Trip_DemoUITests.swift */; };
		07151A212932CB2600D1352B /* Shuffle_Trip_DemoUITestsLaunchTests.swift in Sources */ = {isa = PBXBuildFile; fileRef = 07151A202932CB2600D1352B /* Shuffle_Trip_DemoUITestsLaunchTests.swift */; };
/* End PBXBuildFile section */

/* Begin PBXContainerItemProxy section */
		07151A112932CB2600D1352B /* PBXContainerItemProxy */ = {
			isa = PBXContainerItemProxy;
			containerPortal = 071519F82932CB2300D1352B /* Project object */;
			proxyType = 1;
			remoteGlobalIDString = 071519FF2932CB2300D1352B;
			remoteInfo = "Shuffle Trip Demo";
		};
		07151A1B2932CB2600D1352B /* PBXContainerItemProxy */ = {
			isa = PBXContainerItemProxy;
			containerPortal = 071519F82932CB2300D1352B /* Project object */;
			proxyType = 1;
			remoteGlobalIDString = 071519FF2932CB2300D1352B;
			remoteInfo = "Shuffle Trip Demo";
		};
/* End PBXContainerItemProxy section */

/* Begin PBXFileReference section */
		07151A002932CB2300D1352B /* Shuffle Trip Demo.app */ = {isa = PBXFileReference; explicitFileType = wrapper.application; includeInIndex = 0; path = "Shuffle Trip Demo.app"; sourceTree = BUILT_PRODUCTS_DIR; };
		07151A032932CB2300D1352B /* Shuffle_Trip_DemoApp.swift */ = {isa = PBXFileReference; lastKnownFileType = sourcecode.swift; path = Shuffle_Trip_DemoApp.swift; sourceTree = "<group>"; };
		07151A052932CB2300D1352B /* ContentView.swift */ = {isa = PBXFileReference; lastKnownFileType = sourcecode.swift; path = ContentView.swift; sourceTree = "<group>"; };
		07151A072932CB2600D1352B /* Assets.xcassets */ = {isa = PBXFileReference; lastKnownFileType = folder.assetcatalog; path = Assets.xcassets; sourceTree = "<group>"; };
		07151A0A2932CB2600D1352B /* Preview Assets.xcassets */ = {isa = PBXFileReference; lastKnownFileType = folder.assetcatalog; path = "Preview Assets.xcassets"; sourceTree = "<group>"; };
		07151A102932CB2600D1352B /* Shuffle Trip DemoTests.xctest */ = {isa = PBXFileReference; explicitFileType = wrapper.cfbundle; includeInIndex = 0; path = "Shuffle Trip DemoTests.xctest"; sourceTree = BUILT_PRODUCTS_DIR; };
		07151A142932CB2600D1352B /* Shuffle_Trip_DemoTests.swift */ = {isa = PBXFileReference; lastKnownFileType = sourcecode.swift; path = Shuffle_Trip_DemoTests.swift; sourceTree = "<group>"; };
		07151A1A2932CB2600D1352B /* Shuffle Trip DemoUITests.xctest */ = {isa = PBXFileReference; explicitFileType = wrapper.cfbundle; includeInIndex = 0; path = "Shuffle Trip DemoUITests.xctest"; sourceTree = BUILT_PRODUCTS_DIR; };
		07151A1E2932CB2600D1352B /* Shuffle_Trip_DemoUITests.swift */ = {isa = PBXFileReference; lastKnownFileType = sourcecode.swift; path = Shuffle_Trip_DemoUITests.swift; sourceTree = "<group>"; };
		07151A202932CB2600D1352B /* Shuffle_Trip_DemoUITestsLaunchTests.swift */ = {isa = PBXFileReference; lastKnownFileType = sourcecode.swift; path = Shuffle_Trip_DemoUITestsLaunchTests.swift; sourceTree = "<group>"; };
/* End PBXFileReference section */

/* Begin PBXFrameworksBuildPhase section */
		071519FD2932CB2300D1352B /* Frameworks */ = {
			isa = PBXFrameworksBuildPhase;
			buildActionMask = 2147483647;
			files = (
			);
			runOnlyForDeploymentPostprocessing = 0;
		};
		07151A0D2932CB2600D1352B /* Frameworks */ = {
			isa = PBXFrameworksBuildPhase;
			buildActionMask = 2147483647;
			files = (
			);
			runOnlyForDeploymentPostprocessing = 0;
		};
		07151A172932CB2600D1352B /* Frameworks */ = {
			isa = PBXFrameworksBuildPhase;
			buildActionMask = 2147483647;
			files = (
			);
			runOnlyForDeploymentPostprocessing = 0;
		};
/* End PBXFrameworksBuildPhase section */

/* Begin PBXGroup section */
		071519F72932CB2300D1352B = {
			isa = PBXGroup;
			children = (
				07151A022932CB2300D1352B /* Shuffle Trip Demo */,
				07151A132932CB2600D1352B /* Shuffle Trip DemoTests */,
				07151A1D2932CB2600D1352B /* Shuffle Trip DemoUITests */,
				07151A012932CB2300D1352B /* Products */,
			);
			sourceTree = "<group>";
		};
		07151A012932CB2300D1352B /* Products */ = {
			isa = PBXGroup;
			children = (
				07151A002932CB2300D1352B /* Shuffle Trip Demo.app */,
				07151A102932CB2600D1352B /* Shuffle Trip DemoTests.xctest */,
				07151A1A2932CB2600D1352B /* Shuffle Trip DemoUITests.xctest */,
			);
			name = Products;
			sourceTree = "<group>";
		};
		07151A022932CB2300D1352B /* Shuffle Trip Demo */ = {
			isa = PBXGroup;
			children = (
				07151A032932CB2300D1352B /* Shuffle_Trip_DemoApp.swift */,
				07151A052932CB2300D1352B /* ContentView.swift */,
				07151A072932CB2600D1352B /* Assets.xcassets */,
				07151A092932CB2600D1352B /* Preview Content */,
			);
			path = "Shuffle Trip Demo";
			sourceTree = "<group>";
		};
		07151A092932CB2600D1352B /* Preview Content */ = {
			isa = PBXGroup;
			children = (
				07151A0A2932CB2600D1352B /* Preview Assets.xcassets */,
			);
			path = "Preview Content";
			sourceTree = "<group>";
		};
		07151A132932CB2600D1352B /* Shuffle Trip DemoTests */ = {
			isa = PBXGroup;
			children = (
				07151A142932CB2600D1352B /* Shuffle_Trip_DemoTests.swift */,
			);
			path = "Shuffle Trip DemoTests";
			sourceTree = "<group>";
		};
		07151A1D2932CB2600D1352B /* Shuffle Trip DemoUITests */ = {
			isa = PBXGroup;
			children = (
				07151A1E2932CB2600D1352B /* Shuffle_Trip_DemoUITests.swift */,
				07151A202932CB2600D1352B /* Shuffle_Trip_DemoUITestsLaunchTests.swift */,
			);
			path = "Shuffle Trip DemoUITests";
			sourceTree = "<group>";
		};
/* End PBXGroup section */

/* Begin PBXNativeTarget section */
		071519FF2932CB2300D1352B /* Shuffle Trip Demo */ = {
			isa = PBXNativeTarget;
			buildConfigurationList = 07151A242932CB2600D1352B /* Build configuration list for PBXNativeTarget "Shuffle Trip Demo" */;
			buildPhases = (
				071519FC2932CB2300D1352B /* Sources */,
				071519FD2932CB2300D1352B /* Frameworks */,
				071519FE2932CB2300D1352B /* Resources */,
			);
			buildRules = (
			);
			dependencies = (
			);
			name = "Shuffle Trip Demo";
			productName = "Shuffle Trip Demo";
			productReference = 07151A002932CB2300D1352B /* Shuffle Trip Demo.app */;
			productType = "com.apple.product-type.application";
		};
		07151A0F2932CB2600D1352B /* Shuffle Trip DemoTests */ = {
			isa = PBXNativeTarget;
			buildConfigurationList = 07151A272932CB2600D1352B /* Build configuration list for PBXNativeTarget "Shuffle Trip DemoTests" */;
			buildPhases = (
				07151A0C2932CB2600D1352B /* Sources */,
				07151A0D2932CB2600D1352B /* Frameworks */,
				07151A0E2932CB2600D1352B /* Resources */,
			);
			buildRules = (
			);
			dependencies = (
				07151A122932CB2600D1352B /* PBXTargetDependency */,
			);
			name = "Shuffle Trip DemoTests";
			productName = "Shuffle Trip DemoTests";
			productReference = 07151A102932CB2600D1352B /* Shuffle Trip DemoTests.xctest */;
			productType = "com.apple.product-type.bundle.unit-test";
		};
		07151A192932CB2600D1352B /* Shuffle Trip DemoUITests */ = {
			isa = PBXNativeTarget;
			buildConfigurationList = 07151A2A2932CB2600D1352B /* Build configuration list for PBXNativeTarget "Shuffle Trip DemoUITests" */;
			buildPhases = (
				07151A162932CB2600D1352B /* Sources */,
				07151A172932CB2600D1352B /* Frameworks */,
				07151A182932CB2600D1352B /* Resources */,
			);
			buildRules = (
			);
			dependencies = (
				07151A1C2932CB2600D1352B /* PBXTargetDependency */,
			);
			name = "Shuffle Trip DemoUITests";
			productName = "Shuffle Trip DemoUITests";
			productReference = 07151A1A2932CB2600D1352B /* Shuffle Trip DemoUITests.xctest */;
			productType = "com.apple.product-type.bundle.ui-testing";
		};
/* End PBXNativeTarget section */

/* Begin PBXProject section */
		071519F82932CB2300D1352B /* Project object */ = {
			isa = PBXProject;
			attributes = {
				BuildIndependentTargetsInParallel = 1;
				LastSwiftUpdateCheck = 1410;
				LastUpgradeCheck = 1410;
				TargetAttributes = {
					071519FF2932CB2300D1352B = {
						CreatedOnToolsVersion = 14.1;
					};
					07151A0F2932CB2600D1352B = {
						CreatedOnToolsVersion = 14.1;
						TestTargetID = 071519FF2932CB2300D1352B;
					};
					07151A192932CB2600D1352B = {
						CreatedOnToolsVersion = 14.1;
						TestTargetID = 071519FF2932CB2300D1352B;
					};
				};
			};
			buildConfigurationList = 071519FB2932CB2300D1352B /* Build configuration list for PBXProject "Shuffle Trip Demo" */;
			compatibilityVersion = "Xcode 14.0";
			developmentRegion = en;
			hasScannedForEncodings = 0;
			knownRegions = (
				en,
				Base,
			);
			mainGroup = 071519F72932CB2300D1352B;
			productRefGroup = 07151A012932CB2300D1352B /* Products */;
			projectDirPath = "";
			projectRoot = "";
			targets = (
				071519FF2932CB2300D1352B /* Shuffle Trip Demo */,
				07151A0F2932CB2600D1352B /* Shuffle Trip DemoTests */,
				07151A192932CB2600D1352B /* Shuffle Trip DemoUITests */,
			);
		};
/* End PBXProject section */

/* Begin PBXResourcesBuildPhase section */
		071519FE2932CB2300D1352B /* Resources */ = {
			isa = PBXResourcesBuildPhase;
			buildActionMask = 2147483647;
			files = (
				07151A0B2932CB2600D1352B /* Preview Assets.xcassets in Resources */,
				07151A082932CB2600D1352B /* Assets.xcassets in Resources */,
			);
			runOnlyForDeploymentPostprocessing = 0;
		};
		07151A0E2932CB2600D1352B /* Resources */ = {
			isa = PBXResourcesBuildPhase;
			buildActionMask = 2147483647;
			files = (
			);
			runOnlyForDeploymentPostprocessing = 0;
		};
		07151A182932CB2600D1352B /* Resources */ = {
			isa = PBXResourcesBuildPhase;
			buildActionMask = 2147483647;
			files = (
			);
			runOnlyForDeploymentPostprocessing = 0;
		};
/* End PBXResourcesBuildPhase section */

/* Begin PBXSourcesBuildPhase section */
		071519FC2932CB2300D1352B /* Sources */ = {
			isa = PBXSourcesBuildPhase;
			buildActionMask = 2147483647;
			files = (
				07151A062932CB2300D1352B /* ContentView.swift in Sources */,
				07151A042932CB2300D1352B /* Shuffle_Trip_DemoApp.swift in Sources */,
			);
			runOnlyForDeploymentPostprocessing = 0;
		};
		07151A0C2932CB2600D1352B /* Sources */ = {
			isa = PBXSourcesBuildPhase;
			buildActionMask = 2147483647;
			files = (
				07151A152932CB2600D1352B /* Shuffle_Trip_DemoTests.swift in Sources */,
			);
			runOnlyForDeploymentPostprocessing = 0;
		};
		07151A162932CB2600D1352B /* Sources */ = {
			isa = PBXSourcesBuildPhase;
			buildActionMask = 2147483647;
			files = (
				07151A212932CB2600D1352B /* Shuffle_Trip_DemoUITestsLaunchTests.swift in Sources */,
				07151A1F2932CB2600D1352B /* Shuffle_Trip_DemoUITests.swift in Sources */,
			);
			runOnlyForDeploymentPostprocessing = 0;
		};
/* End PBXSourcesBuildPhase section */

/* Begin PBXTargetDependency section */
		07151A122932CB2600D1352B /* PBXTargetDependency */ = {
			isa = PBXTargetDependency;
			target = 071519FF2932CB2300D1352B /* Shuffle Trip Demo */;
			targetProxy = 07151A112932CB2600D1352B /* PBXContainerItemProxy */;
		};
		07151A1C2932CB2600D1352B /* PBXTargetDependency */ = {
			isa = PBXTargetDependency;
			target = 071519FF2932CB2300D1352B /* Shuffle Trip Demo */;
			targetProxy = 07151A1B2932CB2600D1352B /* PBXContainerItemProxy */;
		};
/* End PBXTargetDependency section */

/* Begin XCBuildConfiguration section */
		07151A222932CB2600D1352B /* Debug */ = {
			isa = XCBuildConfiguration;
			buildSettings = {
				ALWAYS_SEARCH_USER_PATHS = NO;
				CLANG_ANALYZER_NONNULL = YES;
				CLANG_ANALYZER_NUMBER_OBJECT_CONVERSION = YES_AGGRESSIVE;
				CLANG_CXX_LANGUAGE_STANDARD = "gnu++20";
				CLANG_ENABLE_MODULES = YES;
				CLANG_ENABLE_OBJC_ARC = YES;
				CLANG_ENABLE_OBJC_WEAK = YES;
				CLANG_WARN_BLOCK_CAPTURE_AUTORELEASING = YES;
				CLANG_WARN_BOOL_CONVERSION = YES;
				CLANG_WARN_COMMA = YES;
				CLANG_WARN_CONSTANT_CONVERSION = YES;
				CLANG_WARN_DEPRECATED_OBJC_IMPLEMENTATIONS = YES;
				CLANG_WARN_DIRECT_OBJC_ISA_USAGE = YES_ERROR;
				CLANG_WARN_DOCUMENTATION_COMMENTS = YES;
				CLANG_WARN_EMPTY_BODY = YES;
				CLANG_WARN_ENUM_CONVERSION = YES;
				CLANG_WARN_INFINITE_RECURSION = YES;
				CLANG_WARN_INT_CONVERSION = YES;
				CLANG_WARN_NON_LITERAL_NULL_CONVERSION = YES;
				CLANG_WARN_OBJC_IMPLICIT_RETAIN_SELF = YES;
				CLANG_WARN_OBJC_LITERAL_CONVERSION = YES;
				CLANG_WARN_OBJC_ROOT_CLASS = YES_ERROR;
				CLANG_WARN_QUOTED_INCLUDE_IN_FRAMEWORK_HEADER = YES;
				CLANG_WARN_RANGE_LOOP_ANALYSIS = YES;
				CLANG_WARN_STRICT_PROTOTYPES = YES;
				CLANG_WARN_SUSPICIOUS_MOVE = YES;
				CLANG_WARN_UNGUARDED_AVAILABILITY = YES_AGGRESSIVE;
				CLANG_WARN_UNREACHABLE_CODE = YES;
				CLANG_WARN__DUPLICATE_METHOD_MATCH = YES;
				COPY_PHASE_STRIP = NO;
				DEBUG_INFORMATION_FORMAT = dwarf;
				ENABLE_STRICT_OBJC_MSGSEND = YES;
				ENABLE_TESTABILITY = YES;
				GCC_C_LANGUAGE_STANDARD = gnu11;
				GCC_DYNAMIC_NO_PIC = NO;
				GCC_NO_COMMON_BLOCKS = YES;
				GCC_OPTIMIZATION_LEVEL = 0;
				GCC_PREPROCESSOR_DEFINITIONS = (
					"DEBUG=1",
					"$(inherited)",
				);
				GCC_WARN_64_TO_32_BIT_CONVERSION = YES;
				GCC_WARN_ABOUT_RETURN_TYPE = YES_ERROR;
				GCC_WARN_UNDECLARED_SELECTOR = YES;
				GCC_WARN_UNINITIALIZED_AUTOS = YES_AGGRESSIVE;
				GCC_WARN_UNUSED_FUNCTION = YES;
				GCC_WARN_UNUSED_VARIABLE = YES;
				IPHONEOS_DEPLOYMENT_TARGET = 16.1;
				MTL_ENABLE_DEBUG_INFO = INCLUDE_SOURCE;
				MTL_FAST_MATH = YES;
				ONLY_ACTIVE_ARCH = YES;
				SDKROOT = iphoneos;
				SWIFT_ACTIVE_COMPILATION_CONDITIONS = DEBUG;
				SWIFT_OPTIMIZATION_LEVEL = "-Onone";
			};
			name = Debug;
		};
		07151A232932CB2600D1352B /* Release */ = {
			isa = XCBuildConfiguration;
			buildSettings = {
				ALWAYS_SEARCH_USER_PATHS = NO;
				CLANG_ANALYZER_NONNULL = YES;
				CLANG_ANALYZER_NUMBER_OBJECT_CONVERSION = YES_AGGRESSIVE;
				CLANG_CXX_LANGUAGE_STANDARD = "gnu++20";
				CLANG_ENABLE_MODULES = YES;
				CLANG_ENABLE_OBJC_ARC = YES;
				CLANG_ENABLE_OBJC_WEAK = YES;
				CLANG_WARN_BLOCK_CAPTURE_AUTORELEASING = YES;
				CLANG_WARN_BOOL_CONVERSION = YES;
				CLANG_WARN_COMMA = YES;
				CLANG_WARN_CONSTANT_CONVERSION = YES;
				CLANG_WARN_DEPRECATED_OBJC_IMPLEMENTATIONS = YES;
				CLANG_WARN_DIRECT_OBJC_ISA_USAGE = YES_ERROR;
				CLANG_WARN_DOCUMENTATION_COMMENTS = YES;
				CLANG_WARN_EMPTY_BODY = YES;
				CLANG_WARN_ENUM_CONVERSION = YES;
				CLANG_WARN_INFINITE_RECURSION = YES;
				CLANG_WARN_INT_CONVERSION = YES;
				CLANG_WARN_NON_LITERAL_NULL_CONVERSION = YES;
				CLANG_WARN_OBJC_IMPLICIT_RETAIN_SELF = YES;
				CLANG_WARN_OBJC_LITERAL_CONVERSION = YES;
				CLANG_WARN_OBJC_ROOT_CLASS = YES_ERROR;
				CLANG_WARN_QUOTED_INCLUDE_IN_FRAMEWORK_HEADER = YES;
				CLANG_WARN_RANGE_LOOP_ANALYSIS = YES;
				CLANG_WARN_STRICT_PROTOTYPES = YES;
				CLANG_WARN_SUSPICIOUS_MOVE = YES;
				CLANG_WARN_UNGUARDED_AVAILABILITY = YES_AGGRESSIVE;
				CLANG_WARN_UNREACHABLE_CODE = YES;
				CLANG_WARN__DUPLICATE_METHOD_MATCH = YES;
				COPY_PHASE_STRIP = NO;
				DEBUG_INFORMATION_FORMAT = "dwarf-with-dsym";
				ENABLE_NS_ASSERTIONS = NO;
				ENABLE_STRICT_OBJC_MSGSEND = YES;
				GCC_C_LANGUAGE_STANDARD = gnu11;
				GCC_NO_COMMON_BLOCKS = YES;
				GCC_WARN_64_TO_32_BIT_CONVERSION = YES;
				GCC_WARN_ABOUT_RETURN_TYPE = YES_ERROR;
				GCC_WARN_UNDECLARED_SELECTOR = YES;
				GCC_WARN_UNINITIALIZED_AUTOS = YES_AGGRESSIVE;
				GCC_WARN_UNUSED_FUNCTION = YES;
				GCC_WARN_UNUSED_VARIABLE = YES;
				IPHONEOS_DEPLOYMENT_TARGET = 16.1;
				MTL_ENABLE_DEBUG_INFO = NO;
				MTL_FAST_MATH = YES;
				SDKROOT = iphoneos;
				SWIFT_COMPILATION_MODE = wholemodule;
				SWIFT_OPTIMIZATION_LEVEL = "-O";
				VALIDATE_PRODUCT = YES;
			};
			name = Release;
		};
		07151A252932CB2600D1352B /* Debug */ = {
			isa = XCBuildConfiguration;
			buildSettings = {
				ASSETCATALOG_COMPILER_APPICON_NAME = AppIcon;
				ASSETCATALOG_COMPILER_GLOBAL_ACCENT_COLOR_NAME = AccentColor;
				CODE_SIGN_STYLE = Automatic;
				CURRENT_PROJECT_VERSION = 1;
				DEVELOPMENT_ASSET_PATHS = "\"Shuffle Trip Demo/Preview Content\"";
				DEVELOPMENT_TEAM = 6US573XH9R;
				ENABLE_PREVIEWS = YES;
				GENERATE_INFOPLIST_FILE = YES;
				INFOPLIST_KEY_UIApplicationSceneManifest_Generation = YES;
				INFOPLIST_KEY_UIApplicationSupportsIndirectInputEvents = YES;
				INFOPLIST_KEY_UILaunchScreen_Generation = YES;
				INFOPLIST_KEY_UISupportedInterfaceOrientations_iPad = "UIInterfaceOrientationPortrait UIInterfaceOrientationPortraitUpsideDown UIInterfaceOrientationLandscapeLeft UIInterfaceOrientationLandscapeRight";
				INFOPLIST_KEY_UISupportedInterfaceOrientations_iPhone = "UIInterfaceOrientationPortrait UIInterfaceOrientationLandscapeLeft UIInterfaceOrientationLandscapeRight";
				LD_RUNPATH_SEARCH_PATHS = (
					"$(inherited)",
					"@executable_path/Frameworks",
				);
				MARKETING_VERSION = 1.0;
				PRODUCT_BUNDLE_IDENTIFIER = "com.Shuffle-Trip.Shuffle-Trip-Demo";
				PRODUCT_NAME = "$(TARGET_NAME)";
				SWIFT_EMIT_LOC_STRINGS = YES;
				SWIFT_VERSION = 5.0;
				TARGETED_DEVICE_FAMILY = "1,2";
			};
			name = Debug;
		};
		07151A262932CB2600D1352B /* Release */ = {
			isa = XCBuildConfiguration;
			buildSettings = {
				ASSETCATALOG_COMPILER_APPICON_NAME = AppIcon;
				ASSETCATALOG_COMPILER_GLOBAL_ACCENT_COLOR_NAME = AccentColor;
				CODE_SIGN_STYLE = Automatic;
				CURRENT_PROJECT_VERSION = 1;
				DEVELOPMENT_ASSET_PATHS = "\"Shuffle Trip Demo/Preview Content\"";
				DEVELOPMENT_TEAM = 6US573XH9R;
				ENABLE_PREVIEWS = YES;
				GENERATE_INFOPLIST_FILE = YES;
				INFOPLIST_KEY_UIApplicationSceneManifest_Generation = YES;
				INFOPLIST_KEY_UIApplicationSupportsIndirectInputEvents = YES;
				INFOPLIST_KEY_UILaunchScreen_Generation = YES;
				INFOPLIST_KEY_UISupportedInterfaceOrientations_iPad = "UIInterfaceOrientationPortrait UIInterfaceOrientationPortraitUpsideDown UIInterfaceOrientationLandscapeLeft UIInterfaceOrientationLandscapeRight";
				INFOPLIST_KEY_UISupportedInterfaceOrientations_iPhone = "UIInterfaceOrientationPortrait UIInterfaceOrientationLandscapeLeft UIInterfaceOrientationLandscapeRight";
				LD_RUNPATH_SEARCH_PATHS = (
					"$(inherited)",
					"@executable_path/Frameworks",
				);
				MARKETING_VERSION = 1.0;
				PRODUCT_BUNDLE_IDENTIFIER = "com.Shuffle-Trip.Shuffle-Trip-Demo";
				PRODUCT_NAME = "$(TARGET_NAME)";
				SWIFT_EMIT_LOC_STRINGS = YES;
				SWIFT_VERSION = 5.0;
				TARGETED_DEVICE_FAMILY = "1,2";
			};
			name = Release;
		};
		07151A282932CB2600D1352B /* Debug */ = {
			isa = XCBuildConfiguration;
			buildSettings = {
				ALWAYS_EMBED_SWIFT_STANDARD_LIBRARIES = YES;
				BUNDLE_LOADER = "$(TEST_HOST)";
				CODE_SIGN_STYLE = Automatic;
				CURRENT_PROJECT_VERSION = 1;
				DEVELOPMENT_TEAM = 6US573XH9R;
				GENERATE_INFOPLIST_FILE = YES;
				IPHONEOS_DEPLOYMENT_TARGET = 16.1;
				MARKETING_VERSION = 1.0;
				PRODUCT_BUNDLE_IDENTIFIER = "com.Shuffle-Trip.Shuffle-Trip-DemoTests";
				PRODUCT_NAME = "$(TARGET_NAME)";
				SWIFT_EMIT_LOC_STRINGS = NO;
				SWIFT_VERSION = 5.0;
				TARGETED_DEVICE_FAMILY = "1,2";
				TEST_HOST = "$(BUILT_PRODUCTS_DIR)/Shuffle Trip Demo.app/$(BUNDLE_EXECUTABLE_FOLDER_PATH)/Shuffle Trip Demo";
			};
			name = Debug;
		};
		07151A292932CB2600D1352B /* Release */ = {
			isa = XCBuildConfiguration;
			buildSettings = {
				ALWAYS_EMBED_SWIFT_STANDARD_LIBRARIES = YES;
				BUNDLE_LOADER = "$(TEST_HOST)";
				CODE_SIGN_STYLE = Automatic;
				CURRENT_PROJECT_VERSION = 1;
				DEVELOPMENT_TEAM = 6US573XH9R;
				GENERATE_INFOPLIST_FILE = YES;
				IPHONEOS_DEPLOYMENT_TARGET = 16.1;
				MARKETING_VERSION = 1.0;
				PRODUCT_BUNDLE_IDENTIFIER = "com.Shuffle-Trip.Shuffle-Trip-DemoTests";
				PRODUCT_NAME = "$(TARGET_NAME)";
				SWIFT_EMIT_LOC_STRINGS = NO;
				SWIFT_VERSION = 5.0;
				TARGETED_DEVICE_FAMILY = "1,2";
				TEST_HOST = "$(BUILT_PRODUCTS_DIR)/Shuffle Trip Demo.app/$(BUNDLE_EXECUTABLE_FOLDER_PATH)/Shuffle Trip Demo";
			};
			name = Release;
		};
		07151A2B2932CB2600D1352B /* Debug */ = {
			isa = XCBuildConfiguration;
			buildSettings = {
				ALWAYS_EMBED_SWIFT_STANDARD_LIBRARIES = YES;
				CODE_SIGN_STYLE = Automatic;
				CURRENT_PROJECT_VERSION = 1;
				DEVELOPMENT_TEAM = 6US573XH9R;
				GENERATE_INFOPLIST_FILE = YES;
				MARKETING_VERSION = 1.0;
				PRODUCT_BUNDLE_IDENTIFIER = "com.Shuffle-Trip.Shuffle-Trip-DemoUITests";
				PRODUCT_NAME = "$(TARGET_NAME)";
				SWIFT_EMIT_LOC_STRINGS = NO;
				SWIFT_VERSION = 5.0;
				TARGETED_DEVICE_FAMILY = "1,2";
				TEST_TARGET_NAME = "Shuffle Trip Demo";
			};
			name = Debug;
		};
		07151A2C2932CB2600D1352B /* Release */ = {
			isa = XCBuildConfiguration;
			buildSettings = {
				ALWAYS_EMBED_SWIFT_STANDARD_LIBRARIES = YES;
				CODE_SIGN_STYLE = Automatic;
				CURRENT_PROJECT_VERSION = 1;
				DEVELOPMENT_TEAM = 6US573XH9R;
				GENERATE_INFOPLIST_FILE = YES;
				MARKETING_VERSION = 1.0;
				PRODUCT_BUNDLE_IDENTIFIER = "com.Shuffle-Trip.Shuffle-Trip-DemoUITests";
				PRODUCT_NAME = "$(TARGET_NAME)";
				SWIFT_EMIT_LOC_STRINGS = NO;
				SWIFT_VERSION = 5.0;
				TARGETED_DEVICE_FAMILY = "1,2";
				TEST_TARGET_NAME = "Shuffle Trip Demo";
			};
			name = Release;
		};
/* End XCBuildConfiguration section */

/* Begin XCConfigurationList section */
		071519FB2932CB2300D1352B /* Build configuration list for PBXProject "Shuffle Trip Demo" */ = {
			isa = XCConfigurationList;
			buildConfigurations = (
				07151A222932CB2600D1352B /* Debug */,
				07151A232932CB2600D1352B /* Release */,
			);
			defaultConfigurationIsVisible = 0;
			defaultConfigurationName = Release;
		};
		07151A242932CB2600D1352B /* Build configuration list for PBXNativeTarget "Shuffle Trip Demo" */ = {
			isa = XCConfigurationList;
			buildConfigurations = (
				07151A252932CB2600D1352B /* Debug */,
				07151A262932CB2600D1352B /* Release */,
			);
			defaultConfigurationIsVisible = 0;
			defaultConfigurationName = Release;
		};
		07151A272932CB2600D1352B /* Build configuration list for PBXNativeTarget "Shuffle Trip DemoTests" */ = {
			isa = XCConfigurationList;
			buildConfigurations = (
				07151A282932CB2600D1352B /* Debug */,
				07151A292932CB2600D1352B /* Release */,
			);
			defaultConfigurationIsVisible = 0;
			defaultConfigurationName = Release;
		};
		07151A2A2932CB2600D1352B /* Build configuration list for PBXNativeTarget "Shuffle Trip DemoUITests" */ = {
			isa = XCConfigurationList;
			buildConfigurations = (
				07151A2B2932CB2600D1352B /* Debug */,
				07151A2C2932CB2600D1352B /* Release */,
			);
			defaultConfigurationIsVisible = 0;
			defaultConfigurationName = Release;
		};
/* End XCConfigurationList section */
	};
	rootObject = 071519F82932CB2300D1352B /* Project object */;
}
