// !$*UTF8*$!
{
	archiveVersion = 1;
	classes = {
	};
	objectVersion = 56;
	objects = {

/* Begin PBXBuildFile section */
		07095A2529EB8F0900DD22E8 /* EditingTrackerM.swift in Sources */ = {isa = PBXBuildFile; fileRef = 07095A2429EB8F0900DD22E8 /* EditingTrackerM.swift */; };
		07095A2A29EBB44E00DD22E8 /* UngeneratedActivityPanelV.swift in Sources */ = {isa = PBXBuildFile; fileRef = 07095A2929EBB44E00DD22E8 /* UngeneratedActivityPanelV.swift */; };
		07095A2C29EBB46400DD22E8 /* UngeneratedActivityPanelVM.swift in Sources */ = {isa = PBXBuildFile; fileRef = 07095A2B29EBB46400DD22E8 /* UngeneratedActivityPanelVM.swift */; };
		0715071229C3BD0800AA0959 /* DrawerViewP.swift in Sources */ = {isa = PBXBuildFile; fileRef = 0715071129C3BD0800AA0959 /* DrawerViewP.swift */; };
		0725951E29BBCECB00AACAAA /* RegionDetails.swift in Sources */ = {isa = PBXBuildFile; fileRef = 0725951D29BBCECB00AACAAA /* RegionDetails.swift */; };
		073C5A04299DD82200C65BFD /* HomeDV.swift in Sources */ = {isa = PBXBuildFile; fileRef = 073C5A03299DD82200C65BFD /* HomeDV.swift */; };
		073C5A06299DD9BE00C65BFD /* HomeVM.swift in Sources */ = {isa = PBXBuildFile; fileRef = 073C5A05299DD9BE00C65BFD /* HomeVM.swift */; };
		073CB9B129C51921008259A8 /* LoadingTripDV.swift in Sources */ = {isa = PBXBuildFile; fileRef = 073CB9B029C51921008259A8 /* LoadingTripDV.swift */; };
		07402D592980816E00F1F046 /* Shuffle_TripApp.swift in Sources */ = {isa = PBXBuildFile; fileRef = 07402D582980816E00F1F046 /* Shuffle_TripApp.swift */; };
		07402D5D2980817000F1F046 /* Assets.xcassets in Resources */ = {isa = PBXBuildFile; fileRef = 07402D5C2980817000F1F046 /* Assets.xcassets */; };
		07402D602980817000F1F046 /* Preview Assets.xcassets in Resources */ = {isa = PBXBuildFile; fileRef = 07402D5F2980817000F1F046 /* Preview Assets.xcassets */; };
		07402D6A2980817000F1F046 /* Shuffle_TripTests.swift in Sources */ = {isa = PBXBuildFile; fileRef = 07402D692980817000F1F046 /* Shuffle_TripTests.swift */; };
		07402D742980817000F1F046 /* Shuffle_TripUITests.swift in Sources */ = {isa = PBXBuildFile; fileRef = 07402D732980817000F1F046 /* Shuffle_TripUITests.swift */; };
		07402D762980817000F1F046 /* Shuffle_TripUITestsLaunchTests.swift in Sources */ = {isa = PBXBuildFile; fileRef = 07402D752980817000F1F046 /* Shuffle_TripUITestsLaunchTests.swift */; };
		07402D842980833B00F1F046 /* BottomDrawerV.swift in Sources */ = {isa = PBXBuildFile; fileRef = 07402D832980833B00F1F046 /* BottomDrawerV.swift */; };
		07402D862980837A00F1F046 /* Blur.swift in Sources */ = {isa = PBXBuildFile; fileRef = 07402D852980837A00F1F046 /* Blur.swift */; };
		074947B829E502C40024630D /* Categories Grouped.json in Resources */ = {isa = PBXBuildFile; fileRef = 074947B729E502C40024630D /* Categories Grouped.json */; };
		074947C029E5221A0024630D /* TagManager.swift in Sources */ = {isa = PBXBuildFile; fileRef = 074947BF29E5221A0024630D /* TagManager.swift */; };
		074947C229E522400024630D /* TagDataM.swift in Sources */ = {isa = PBXBuildFile; fileRef = 074947C129E522400024630D /* TagDataM.swift */; };
		074947C529E52A900024630D /* TripConfiguratorV.swift in Sources */ = {isa = PBXBuildFile; fileRef = 074947C429E52A900024630D /* TripConfiguratorV.swift */; };
		074947C729E52B4D0024630D /* TripConfiguratorVM.swift in Sources */ = {isa = PBXBuildFile; fileRef = 074947C629E52B4D0024630D /* TripConfiguratorVM.swift */; };
		0758377729E08B6B0030ECC3 /* ConfirmShuffleButtonsV.swift in Sources */ = {isa = PBXBuildFile; fileRef = 0758377629E08B6B0030ECC3 /* ConfirmShuffleButtonsV.swift */; };
		0758377929E08C710030ECC3 /* TripInteractionButtonsV.swift in Sources */ = {isa = PBXBuildFile; fileRef = 0758377829E08C710030ECC3 /* TripInteractionButtonsV.swift */; };
		0758377B29E08CEF0030ECC3 /* TripInteractionButtonsVM.swift in Sources */ = {isa = PBXBuildFile; fileRef = 0758377A29E08CEF0030ECC3 /* TripInteractionButtonsVM.swift */; };
		075C8FF82982141E00BA3D12 /* SearchBar.swift in Sources */ = {isa = PBXBuildFile; fileRef = 075C8FF72982141E00BA3D12 /* SearchBar.swift */; };
		07612C9E299974FA00C5CE6B /* TripLocation.swift in Sources */ = {isa = PBXBuildFile; fileRef = 07612C9D299974FA00C5CE6B /* TripLocation.swift */; };
		076FC70B29CC330200648BB7 /* FriendTrips.swift in Sources */ = {isa = PBXBuildFile; fileRef = 076FC70A29CC330200648BB7 /* FriendTrips.swift */; };
		077503B029DD24E000379F69 /* SelectedTripButtonsV.swift in Sources */ = {isa = PBXBuildFile; fileRef = 077503AF29DD24E000379F69 /* SelectedTripButtonsV.swift */; };
		07782A0229E234D90009CAE2 /* ConfirmShuffleButtonsVM.swift in Sources */ = {isa = PBXBuildFile; fileRef = 07782A0129E234D90009CAE2 /* ConfirmShuffleButtonsVM.swift */; };
		078558DD29C6257C00650C1F /* TripErrorVM.swift in Sources */ = {isa = PBXBuildFile; fileRef = 078558DC29C6257C00650C1F /* TripErrorVM.swift */; };
		07B38F4A2984709D00EA765F /* BottomDrawerVM.swift in Sources */ = {isa = PBXBuildFile; fileRef = 07B38F492984709D00EA765F /* BottomDrawerVM.swift */; };
		07B5C03E29EE5803003BE480 /* LookAroundV.swift in Sources */ = {isa = PBXBuildFile; fileRef = 07B5C03D29EE5803003BE480 /* LookAroundV.swift */; };
		07B87B7729E9EAA30097EA05 /* TagNavigatorVM.swift in Sources */ = {isa = PBXBuildFile; fileRef = 07B87B7629E9EAA30097EA05 /* TagNavigatorVM.swift */; };
		07B87B7929E9EABF0097EA05 /* TagNavigatorV.swift in Sources */ = {isa = PBXBuildFile; fileRef = 07B87B7829E9EABF0097EA05 /* TagNavigatorV.swift */; };
		07B87B7B29EA0A110097EA05 /* TagSelectorV.swift in Sources */ = {isa = PBXBuildFile; fileRef = 07B87B7A29EA0A110097EA05 /* TagSelectorV.swift */; };
		07B87B7D29EA0B260097EA05 /* TagSelectorVM.swift in Sources */ = {isa = PBXBuildFile; fileRef = 07B87B7C29EA0B260097EA05 /* TagSelectorVM.swift */; };
		07C0D2CE299DDF7A00E001A8 /* ContentViewModel.swift in Sources */ = {isa = PBXBuildFile; fileRef = 07C0D2CD299DDF7A00E001A8 /* ContentViewModel.swift */; };
		07DC16E129D16A52003BFF26 /* API Handler.swift in Sources */ = {isa = PBXBuildFile; fileRef = 07DC16E029D16A52003BFF26 /* API Handler.swift */; };
		07E3D74329A0A7D600168218 /* Trip.json in Resources */ = {isa = PBXBuildFile; fileRef = 07E3D74229A0A7D600168218 /* Trip.json */; };
		07E3D74729A0BC0900168218 /* SelectedTripDV.swift in Sources */ = {isa = PBXBuildFile; fileRef = 07E3D74629A0BC0900168218 /* SelectedTripDV.swift */; };
		07E3D74929A0BC2D00168218 /* SelectedTripVM.swift in Sources */ = {isa = PBXBuildFile; fileRef = 07E3D74829A0BC2D00168218 /* SelectedTripVM.swift */; };
		07E4F5EA29E8BA92007F2C8D /* SelectedTripContentVM.swift in Sources */ = {isa = PBXBuildFile; fileRef = 07E4F5E929E8BA92007F2C8D /* SelectedTripContentVM.swift */; };
		07E4F5EC29E90DB4007F2C8D /* AddActivityButtonV.swift in Sources */ = {isa = PBXBuildFile; fileRef = 07E4F5EB29E90DB4007F2C8D /* AddActivityButtonV.swift */; };
		07E4F5EF29E910B9007F2C8D /* AddActivityButtonVM.swift in Sources */ = {isa = PBXBuildFile; fileRef = 07E4F5EE29E910B9007F2C8D /* AddActivityButtonVM.swift */; };
		07EB143929C51D1E00A81847 /* TripErrorDV.swift in Sources */ = {isa = PBXBuildFile; fileRef = 07EB143829C51D1E00A81847 /* TripErrorDV.swift */; };
		07EBE63729E687C6007A6235 /* SelectedTripContentV.swift in Sources */ = {isa = PBXBuildFile; fileRef = 07EBE63629E687C6007A6235 /* SelectedTripContentV.swift */; };
		07F71A3929808773007C7AE6 /* RegionSelector.swift in Sources */ = {isa = PBXBuildFile; fileRef = 07F71A3829808773007C7AE6 /* RegionSelector.swift */; };
		07F71A3B29808788007C7AE6 /* ContentView.swift in Sources */ = {isa = PBXBuildFile; fileRef = 07F71A3A29808788007C7AE6 /* ContentView.swift */; };
		07F71A3F29808980007C7AE6 /* MapDetails.swift in Sources */ = {isa = PBXBuildFile; fileRef = 07F71A3E29808980007C7AE6 /* MapDetails.swift */; };
		07F71A4129808A3F007C7AE6 /* UserLocation.swift in Sources */ = {isa = PBXBuildFile; fileRef = 07F71A4029808A3F007C7AE6 /* UserLocation.swift */; };
		07F71A452980EAE0007C7AE6 /* RegionSelectorCoordinator.swift in Sources */ = {isa = PBXBuildFile; fileRef = 07F71A442980EAE0007C7AE6 /* RegionSelectorCoordinator.swift */; };
		07F71A4729810133007C7AE6 /* TripLocations.swift in Sources */ = {isa = PBXBuildFile; fileRef = 07F71A4629810133007C7AE6 /* TripLocations.swift */; };
		07F83ACA29821C1B004B86ED /* SearchBarCoordinator.swift in Sources */ = {isa = PBXBuildFile; fileRef = 07F83AC929821C1B004B86ED /* SearchBarCoordinator.swift */; };
		07F9D05829C95BC700D9791A /* Activity.swift in Sources */ = {isa = PBXBuildFile; fileRef = 07F9D05729C95BC700D9791A /* Activity.swift */; };
		07F9D05C29C95CA200D9791A /* ActivityPaneVM.swift in Sources */ = {isa = PBXBuildFile; fileRef = 07F9D05A29C95CA200D9791A /* ActivityPaneVM.swift */; };
		07F9D05D29C95CA200D9791A /* ActivityPaneV.swift in Sources */ = {isa = PBXBuildFile; fileRef = 07F9D05B29C95CA200D9791A /* ActivityPaneV.swift */; };
		2FE1DE9AAEA9C720DECB3697 /* Pods_Shuffle_Trip.framework in Frameworks */ = {isa = PBXBuildFile; fileRef = 2BCAF5C322DE425916C5FBE8 /* Pods_Shuffle_Trip.framework */; };
		31C640E273DE9B72D428A695 /* Pods_Shuffle_Trip_Shuffle_TripUITests.framework in Frameworks */ = {isa = PBXBuildFile; fileRef = 6F408DEE5225C040D8FD9140 /* Pods_Shuffle_Trip_Shuffle_TripUITests.framework */; };
		54CF7950409FBF3B0F20EE65 /* Pods_Shuffle_TripTests.framework in Frameworks */ = {isa = PBXBuildFile; fileRef = 99D86BA779505ECA81D4D98A /* Pods_Shuffle_TripTests.framework */; };
		7479551529EF412500636AEA /* LoginScreenVM.swift in Sources */ = {isa = PBXBuildFile; fileRef = 7479551229EF412500636AEA /* LoginScreenVM.swift */; };
		7479551729EF412500636AEA /* LoginScreenV.swift in Sources */ = {isa = PBXBuildFile; fileRef = 7479551429EF412500636AEA /* LoginScreenV.swift */; };
		7479551A29EF4FB100636AEA /* SignInWithAppleButtonV.swift in Sources */ = {isa = PBXBuildFile; fileRef = 7479551929EF4FB100636AEA /* SignInWithAppleButtonV.swift */; };
		7479551C29EF53AD00636AEA /* SignInWithAppleButtonVM.swift in Sources */ = {isa = PBXBuildFile; fileRef = 7479551B29EF53AD00636AEA /* SignInWithAppleButtonVM.swift */; };
		7479551E29EF634600636AEA /* UserLoginM.swift in Sources */ = {isa = PBXBuildFile; fileRef = 7479551D29EF634600636AEA /* UserLoginM.swift */; };
/* End PBXBuildFile section */

/* Begin PBXContainerItemProxy section */
		07402D662980817000F1F046 /* PBXContainerItemProxy */ = {
			isa = PBXContainerItemProxy;
			containerPortal = 07402D4D2980816E00F1F046 /* Project object */;
			proxyType = 1;
			remoteGlobalIDString = 07402D542980816E00F1F046;
			remoteInfo = "Shuffle Trip";
		};
		07402D702980817000F1F046 /* PBXContainerItemProxy */ = {
			isa = PBXContainerItemProxy;
			containerPortal = 07402D4D2980816E00F1F046 /* Project object */;
			proxyType = 1;
			remoteGlobalIDString = 07402D542980816E00F1F046;
			remoteInfo = "Shuffle Trip";
		};
/* End PBXContainerItemProxy section */

/* Begin PBXFileReference section */
		07095A2429EB8F0900DD22E8 /* EditingTrackerM.swift */ = {isa = PBXFileReference; lastKnownFileType = sourcecode.swift; path = EditingTrackerM.swift; sourceTree = "<group>"; };
		07095A2929EBB44E00DD22E8 /* UngeneratedActivityPanelV.swift */ = {isa = PBXFileReference; lastKnownFileType = sourcecode.swift; path = UngeneratedActivityPanelV.swift; sourceTree = "<group>"; };
		07095A2B29EBB46400DD22E8 /* UngeneratedActivityPanelVM.swift */ = {isa = PBXFileReference; lastKnownFileType = sourcecode.swift; path = UngeneratedActivityPanelVM.swift; sourceTree = "<group>"; };
		0715071129C3BD0800AA0959 /* DrawerViewP.swift */ = {isa = PBXFileReference; lastKnownFileType = sourcecode.swift; path = DrawerViewP.swift; sourceTree = "<group>"; };
		0725951D29BBCECB00AACAAA /* RegionDetails.swift */ = {isa = PBXFileReference; lastKnownFileType = sourcecode.swift; path = RegionDetails.swift; sourceTree = "<group>"; };
		073C5A03299DD82200C65BFD /* HomeDV.swift */ = {isa = PBXFileReference; lastKnownFileType = sourcecode.swift; path = HomeDV.swift; sourceTree = "<group>"; };
		073C5A05299DD9BE00C65BFD /* HomeVM.swift */ = {isa = PBXFileReference; lastKnownFileType = sourcecode.swift; path = HomeVM.swift; sourceTree = "<group>"; };
		073CB9B029C51921008259A8 /* LoadingTripDV.swift */ = {isa = PBXFileReference; lastKnownFileType = sourcecode.swift; path = LoadingTripDV.swift; sourceTree = "<group>"; };
		07402D552980816E00F1F046 /* Shuffle Trip.app */ = {isa = PBXFileReference; explicitFileType = wrapper.application; includeInIndex = 0; path = "Shuffle Trip.app"; sourceTree = BUILT_PRODUCTS_DIR; };
		07402D582980816E00F1F046 /* Shuffle_TripApp.swift */ = {isa = PBXFileReference; lastKnownFileType = sourcecode.swift; path = Shuffle_TripApp.swift; sourceTree = "<group>"; };
		07402D5C2980817000F1F046 /* Assets.xcassets */ = {isa = PBXFileReference; lastKnownFileType = folder.assetcatalog; name = Assets.xcassets; path = "Shuffle Trip/Assets.xcassets"; sourceTree = "<group>"; };
		07402D5F2980817000F1F046 /* Preview Assets.xcassets */ = {isa = PBXFileReference; lastKnownFileType = folder.assetcatalog; path = "Preview Assets.xcassets"; sourceTree = "<group>"; };
		07402D652980817000F1F046 /* Shuffle TripTests.xctest */ = {isa = PBXFileReference; explicitFileType = wrapper.cfbundle; includeInIndex = 0; path = "Shuffle TripTests.xctest"; sourceTree = BUILT_PRODUCTS_DIR; };
		07402D692980817000F1F046 /* Shuffle_TripTests.swift */ = {isa = PBXFileReference; lastKnownFileType = sourcecode.swift; path = Shuffle_TripTests.swift; sourceTree = "<group>"; };
		07402D6F2980817000F1F046 /* Shuffle TripUITests.xctest */ = {isa = PBXFileReference; explicitFileType = wrapper.cfbundle; includeInIndex = 0; path = "Shuffle TripUITests.xctest"; sourceTree = BUILT_PRODUCTS_DIR; };
		07402D732980817000F1F046 /* Shuffle_TripUITests.swift */ = {isa = PBXFileReference; lastKnownFileType = sourcecode.swift; path = Shuffle_TripUITests.swift; sourceTree = "<group>"; };
		07402D752980817000F1F046 /* Shuffle_TripUITestsLaunchTests.swift */ = {isa = PBXFileReference; lastKnownFileType = sourcecode.swift; path = Shuffle_TripUITestsLaunchTests.swift; sourceTree = "<group>"; };
		07402D832980833B00F1F046 /* BottomDrawerV.swift */ = {isa = PBXFileReference; lastKnownFileType = sourcecode.swift; path = BottomDrawerV.swift; sourceTree = "<group>"; };
		07402D852980837A00F1F046 /* Blur.swift */ = {isa = PBXFileReference; lastKnownFileType = sourcecode.swift; path = Blur.swift; sourceTree = "<group>"; };
		074947B729E502C40024630D /* Categories Grouped.json */ = {isa = PBXFileReference; fileEncoding = 4; lastKnownFileType = text.json; path = "Categories Grouped.json"; sourceTree = "<group>"; };
		074947BF29E5221A0024630D /* TagManager.swift */ = {isa = PBXFileReference; fileEncoding = 4; lastKnownFileType = sourcecode.swift; path = TagManager.swift; sourceTree = "<group>"; };
		074947C129E522400024630D /* TagDataM.swift */ = {isa = PBXFileReference; fileEncoding = 4; lastKnownFileType = sourcecode.swift; name = TagDataM.swift; path = "Shuffle Trip/Data/Trip Data/TagDataM.swift"; sourceTree = SOURCE_ROOT; };
		074947C429E52A900024630D /* TripConfiguratorV.swift */ = {isa = PBXFileReference; lastKnownFileType = sourcecode.swift; path = TripConfiguratorV.swift; sourceTree = "<group>"; };
		074947C629E52B4D0024630D /* TripConfiguratorVM.swift */ = {isa = PBXFileReference; lastKnownFileType = sourcecode.swift; path = TripConfiguratorVM.swift; sourceTree = "<group>"; };
		0758377629E08B6B0030ECC3 /* ConfirmShuffleButtonsV.swift */ = {isa = PBXFileReference; lastKnownFileType = sourcecode.swift; path = ConfirmShuffleButtonsV.swift; sourceTree = "<group>"; };
		0758377829E08C710030ECC3 /* TripInteractionButtonsV.swift */ = {isa = PBXFileReference; lastKnownFileType = sourcecode.swift; path = TripInteractionButtonsV.swift; sourceTree = "<group>"; };
		0758377A29E08CEF0030ECC3 /* TripInteractionButtonsVM.swift */ = {isa = PBXFileReference; lastKnownFileType = sourcecode.swift; path = TripInteractionButtonsVM.swift; sourceTree = "<group>"; };
		075C8FF72982141E00BA3D12 /* SearchBar.swift */ = {isa = PBXFileReference; lastKnownFileType = sourcecode.swift; path = SearchBar.swift; sourceTree = "<group>"; };
		07612C9D299974FA00C5CE6B /* TripLocation.swift */ = {isa = PBXFileReference; lastKnownFileType = sourcecode.swift; path = TripLocation.swift; sourceTree = "<group>"; };
		076FC70A29CC330200648BB7 /* FriendTrips.swift */ = {isa = PBXFileReference; fileEncoding = 4; lastKnownFileType = sourcecode.swift; name = FriendTrips.swift; path = "Shuffle Trip/Data/Trip Data/FriendTrips.swift"; sourceTree = SOURCE_ROOT; };
		077503AF29DD24E000379F69 /* SelectedTripButtonsV.swift */ = {isa = PBXFileReference; lastKnownFileType = sourcecode.swift; path = SelectedTripButtonsV.swift; sourceTree = "<group>"; };
		07782A0129E234D90009CAE2 /* ConfirmShuffleButtonsVM.swift */ = {isa = PBXFileReference; lastKnownFileType = sourcecode.swift; path = ConfirmShuffleButtonsVM.swift; sourceTree = "<group>"; };
		078558DC29C6257C00650C1F /* TripErrorVM.swift */ = {isa = PBXFileReference; lastKnownFileType = sourcecode.swift; path = TripErrorVM.swift; sourceTree = "<group>"; };
		0785AA2729EF2B7C00854B96 /* Shuffle TripRelease.entitlements */ = {isa = PBXFileReference; lastKnownFileType = text.plist.entitlements; path = "Shuffle TripRelease.entitlements"; sourceTree = "<group>"; };
		07B38F492984709D00EA765F /* BottomDrawerVM.swift */ = {isa = PBXFileReference; lastKnownFileType = sourcecode.swift; path = BottomDrawerVM.swift; sourceTree = "<group>"; };
		07B5C03D29EE5803003BE480 /* LookAroundV.swift */ = {isa = PBXFileReference; lastKnownFileType = sourcecode.swift; path = LookAroundV.swift; sourceTree = "<group>"; };
		07B87B7629E9EAA30097EA05 /* TagNavigatorVM.swift */ = {isa = PBXFileReference; lastKnownFileType = sourcecode.swift; path = TagNavigatorVM.swift; sourceTree = "<group>"; };
		07B87B7829E9EABF0097EA05 /* TagNavigatorV.swift */ = {isa = PBXFileReference; lastKnownFileType = sourcecode.swift; path = TagNavigatorV.swift; sourceTree = "<group>"; };
		07B87B7A29EA0A110097EA05 /* TagSelectorV.swift */ = {isa = PBXFileReference; lastKnownFileType = sourcecode.swift; path = TagSelectorV.swift; sourceTree = "<group>"; };
		07B87B7C29EA0B260097EA05 /* TagSelectorVM.swift */ = {isa = PBXFileReference; lastKnownFileType = sourcecode.swift; path = TagSelectorVM.swift; sourceTree = "<group>"; };
		07C0D2CD299DDF7A00E001A8 /* ContentViewModel.swift */ = {isa = PBXFileReference; lastKnownFileType = sourcecode.swift; path = ContentViewModel.swift; sourceTree = "<group>"; };
		07DC16E029D16A52003BFF26 /* API Handler.swift */ = {isa = PBXFileReference; lastKnownFileType = sourcecode.swift; path = "API Handler.swift"; sourceTree = "<group>"; };
		07E3D74229A0A7D600168218 /* Trip.json */ = {isa = PBXFileReference; fileEncoding = 4; lastKnownFileType = text.json; path = Trip.json; sourceTree = "<group>"; };
		07E3D74629A0BC0900168218 /* SelectedTripDV.swift */ = {isa = PBXFileReference; lastKnownFileType = sourcecode.swift; path = SelectedTripDV.swift; sourceTree = "<group>"; };
		07E3D74829A0BC2D00168218 /* SelectedTripVM.swift */ = {isa = PBXFileReference; lastKnownFileType = sourcecode.swift; path = SelectedTripVM.swift; sourceTree = "<group>"; };
		07E4F5E929E8BA92007F2C8D /* SelectedTripContentVM.swift */ = {isa = PBXFileReference; lastKnownFileType = sourcecode.swift; path = SelectedTripContentVM.swift; sourceTree = "<group>"; };
		07E4F5EB29E90DB4007F2C8D /* AddActivityButtonV.swift */ = {isa = PBXFileReference; lastKnownFileType = sourcecode.swift; path = AddActivityButtonV.swift; sourceTree = "<group>"; };
		07E4F5EE29E910B9007F2C8D /* AddActivityButtonVM.swift */ = {isa = PBXFileReference; lastKnownFileType = sourcecode.swift; path = AddActivityButtonVM.swift; sourceTree = "<group>"; };
		07EB143829C51D1E00A81847 /* TripErrorDV.swift */ = {isa = PBXFileReference; lastKnownFileType = sourcecode.swift; path = TripErrorDV.swift; sourceTree = "<group>"; };
		07EBE63629E687C6007A6235 /* SelectedTripContentV.swift */ = {isa = PBXFileReference; lastKnownFileType = sourcecode.swift; path = SelectedTripContentV.swift; sourceTree = "<group>"; };
		07F71A3829808773007C7AE6 /* RegionSelector.swift */ = {isa = PBXFileReference; lastKnownFileType = sourcecode.swift; path = RegionSelector.swift; sourceTree = "<group>"; };
		07F71A3A29808788007C7AE6 /* ContentView.swift */ = {isa = PBXFileReference; lastKnownFileType = sourcecode.swift; path = ContentView.swift; sourceTree = "<group>"; };
		07F71A3E29808980007C7AE6 /* MapDetails.swift */ = {isa = PBXFileReference; lastKnownFileType = sourcecode.swift; path = MapDetails.swift; sourceTree = "<group>"; };
		07F71A4029808A3F007C7AE6 /* UserLocation.swift */ = {isa = PBXFileReference; lastKnownFileType = sourcecode.swift; path = UserLocation.swift; sourceTree = "<group>"; };
		07F71A4229808E10007C7AE6 /* Shuffle-Trip-Info.plist */ = {isa = PBXFileReference; lastKnownFileType = text.plist; path = "Shuffle-Trip-Info.plist"; sourceTree = SOURCE_ROOT; };
		07F71A442980EAE0007C7AE6 /* RegionSelectorCoordinator.swift */ = {isa = PBXFileReference; lastKnownFileType = sourcecode.swift; path = RegionSelectorCoordinator.swift; sourceTree = "<group>"; };
		07F71A4629810133007C7AE6 /* TripLocations.swift */ = {isa = PBXFileReference; lastKnownFileType = sourcecode.swift; path = TripLocations.swift; sourceTree = "<group>"; };
		07F83AC929821C1B004B86ED /* SearchBarCoordinator.swift */ = {isa = PBXFileReference; lastKnownFileType = sourcecode.swift; path = SearchBarCoordinator.swift; sourceTree = "<group>"; };
		07F9D05729C95BC700D9791A /* Activity.swift */ = {isa = PBXFileReference; lastKnownFileType = sourcecode.swift; path = Activity.swift; sourceTree = "<group>"; };
		07F9D05A29C95CA200D9791A /* ActivityPaneVM.swift */ = {isa = PBXFileReference; fileEncoding = 4; lastKnownFileType = sourcecode.swift; path = ActivityPaneVM.swift; sourceTree = "<group>"; };
		07F9D05B29C95CA200D9791A /* ActivityPaneV.swift */ = {isa = PBXFileReference; fileEncoding = 4; lastKnownFileType = sourcecode.swift; path = ActivityPaneV.swift; sourceTree = "<group>"; };
		2BCAF5C322DE425916C5FBE8 /* Pods_Shuffle_Trip.framework */ = {isa = PBXFileReference; explicitFileType = wrapper.framework; includeInIndex = 0; path = Pods_Shuffle_Trip.framework; sourceTree = BUILT_PRODUCTS_DIR; };
		568A11EFBE9407F27FC8B5A9 /* Pods-Shuffle TripTests.release.xcconfig */ = {isa = PBXFileReference; includeInIndex = 1; lastKnownFileType = text.xcconfig; name = "Pods-Shuffle TripTests.release.xcconfig"; path = "Target Support Files/Pods-Shuffle TripTests/Pods-Shuffle TripTests.release.xcconfig"; sourceTree = "<group>"; };
		6E3DD6E0B66F2AEFC005DE64 /* Pods-Shuffle TripTests.debug.xcconfig */ = {isa = PBXFileReference; includeInIndex = 1; lastKnownFileType = text.xcconfig; name = "Pods-Shuffle TripTests.debug.xcconfig"; path = "Target Support Files/Pods-Shuffle TripTests/Pods-Shuffle TripTests.debug.xcconfig"; sourceTree = "<group>"; };
		6F408DEE5225C040D8FD9140 /* Pods_Shuffle_Trip_Shuffle_TripUITests.framework */ = {isa = PBXFileReference; explicitFileType = wrapper.framework; includeInIndex = 0; path = Pods_Shuffle_Trip_Shuffle_TripUITests.framework; sourceTree = BUILT_PRODUCTS_DIR; };
		7479551229EF412500636AEA /* LoginScreenVM.swift */ = {isa = PBXFileReference; fileEncoding = 4; lastKnownFileType = sourcecode.swift; path = LoginScreenVM.swift; sourceTree = "<group>"; };
		7479551429EF412500636AEA /* LoginScreenV.swift */ = {isa = PBXFileReference; fileEncoding = 4; lastKnownFileType = sourcecode.swift; path = LoginScreenV.swift; sourceTree = "<group>"; };
		7479551829EF463B00636AEA /* Shuffle Trip.entitlements */ = {isa = PBXFileReference; lastKnownFileType = text.plist.entitlements; path = "Shuffle Trip.entitlements"; sourceTree = "<group>"; };
		7479551929EF4FB100636AEA /* SignInWithAppleButtonV.swift */ = {isa = PBXFileReference; lastKnownFileType = sourcecode.swift; path = SignInWithAppleButtonV.swift; sourceTree = "<group>"; };
		7479551B29EF53AD00636AEA /* SignInWithAppleButtonVM.swift */ = {isa = PBXFileReference; lastKnownFileType = sourcecode.swift; path = SignInWithAppleButtonVM.swift; sourceTree = "<group>"; };
		7479551D29EF634600636AEA /* UserLoginM.swift */ = {isa = PBXFileReference; lastKnownFileType = sourcecode.swift; path = UserLoginM.swift; sourceTree = "<group>"; };
		75D52DD6FDEFBBE5754EDB02 /* Pods-Shuffle Trip.debug.xcconfig */ = {isa = PBXFileReference; includeInIndex = 1; lastKnownFileType = text.xcconfig; name = "Pods-Shuffle Trip.debug.xcconfig"; path = "Target Support Files/Pods-Shuffle Trip/Pods-Shuffle Trip.debug.xcconfig"; sourceTree = "<group>"; };
		819ACD92A7A912CD8353F8B2 /* Pods-Shuffle Trip-Shuffle TripUITests.release.xcconfig */ = {isa = PBXFileReference; includeInIndex = 1; lastKnownFileType = text.xcconfig; name = "Pods-Shuffle Trip-Shuffle TripUITests.release.xcconfig"; path = "Target Support Files/Pods-Shuffle Trip-Shuffle TripUITests/Pods-Shuffle Trip-Shuffle TripUITests.release.xcconfig"; sourceTree = "<group>"; };
		99D86BA779505ECA81D4D98A /* Pods_Shuffle_TripTests.framework */ = {isa = PBXFileReference; explicitFileType = wrapper.framework; includeInIndex = 0; path = Pods_Shuffle_TripTests.framework; sourceTree = BUILT_PRODUCTS_DIR; };
		D5D24DFAD90581AC68DC1C01 /* Pods-Shuffle Trip.release.xcconfig */ = {isa = PBXFileReference; includeInIndex = 1; lastKnownFileType = text.xcconfig; name = "Pods-Shuffle Trip.release.xcconfig"; path = "Target Support Files/Pods-Shuffle Trip/Pods-Shuffle Trip.release.xcconfig"; sourceTree = "<group>"; };
		ECADC095065CC211F1C67C79 /* Pods-Shuffle Trip-Shuffle TripUITests.debug.xcconfig */ = {isa = PBXFileReference; includeInIndex = 1; lastKnownFileType = text.xcconfig; name = "Pods-Shuffle Trip-Shuffle TripUITests.debug.xcconfig"; path = "Target Support Files/Pods-Shuffle Trip-Shuffle TripUITests/Pods-Shuffle Trip-Shuffle TripUITests.debug.xcconfig"; sourceTree = "<group>"; };
/* End PBXFileReference section */

/* Begin PBXFrameworksBuildPhase section */
		07402D522980816E00F1F046 /* Frameworks */ = {
			isa = PBXFrameworksBuildPhase;
			buildActionMask = 2147483647;
			files = (
				2FE1DE9AAEA9C720DECB3697 /* Pods_Shuffle_Trip.framework in Frameworks */,
			);
			runOnlyForDeploymentPostprocessing = 0;
		};
		07402D622980817000F1F046 /* Frameworks */ = {
			isa = PBXFrameworksBuildPhase;
			buildActionMask = 2147483647;
			files = (
				54CF7950409FBF3B0F20EE65 /* Pods_Shuffle_TripTests.framework in Frameworks */,
			);
			runOnlyForDeploymentPostprocessing = 0;
		};
		07402D6C2980817000F1F046 /* Frameworks */ = {
			isa = PBXFrameworksBuildPhase;
			buildActionMask = 2147483647;
			files = (
				31C640E273DE9B72D428A695 /* Pods_Shuffle_Trip_Shuffle_TripUITests.framework in Frameworks */,
			);
			runOnlyForDeploymentPostprocessing = 0;
		};
/* End PBXFrameworksBuildPhase section */

/* Begin PBXGroup section */
		07095A2829EBB42D00DD22E8 /* Ungenerated Activity Panel */ = {
			isa = PBXGroup;
			children = (
				07095A2929EBB44E00DD22E8 /* UngeneratedActivityPanelV.swift */,
				07095A2B29EBB46400DD22E8 /* UngeneratedActivityPanelVM.swift */,
			);
			path = "Ungenerated Activity Panel";
			sourceTree = "<group>";
		};
		073C5A02299DD81400C65BFD /* Drawers */ = {
			isa = PBXGroup;
			children = (
				0715071129C3BD0800AA0959 /* DrawerViewP.swift */,
				07E3D74429A0BB8000168218 /* Home */,
				07E3D74529A0BB8F00168218 /* Selected Trip */,
			);
			path = Drawers;
			sourceTree = "<group>";
		};
		07402D4C2980816E00F1F046 = {
			isa = PBXGroup;
			children = (
				07402D572980816E00F1F046 /* Shuffle Trip */,
				07402D5C2980817000F1F046 /* Assets.xcassets */,
				07402D682980817000F1F046 /* Shuffle TripTests */,
				07402D722980817000F1F046 /* Shuffle TripUITests */,
				07402D562980816E00F1F046 /* Products */,
				6BF013EC6E14B3C6F1D9B0D4 /* Pods */,
				2CBE24606A46710E87293517 /* Frameworks */,
			);
			sourceTree = "<group>";
		};
		07402D562980816E00F1F046 /* Products */ = {
			isa = PBXGroup;
			children = (
				07402D552980816E00F1F046 /* Shuffle Trip.app */,
				07402D652980817000F1F046 /* Shuffle TripTests.xctest */,
				07402D6F2980817000F1F046 /* Shuffle TripUITests.xctest */,
			);
			name = Products;
			sourceTree = "<group>";
		};
		07402D572980816E00F1F046 /* Shuffle Trip */ = {
			isa = PBXGroup;
			children = (
				7479551829EF463B00636AEA /* Shuffle Trip.entitlements */,
				0785AA2729EF2B7C00854B96 /* Shuffle TripRelease.entitlements */,
				07F71A4229808E10007C7AE6 /* Shuffle-Trip-Info.plist */,
				07402D582980816E00F1F046 /* Shuffle_TripApp.swift */,
				07402D822980832C00F1F046 /* Custom Views */,
				07F71A3C2980894B007C7AE6 /* Data */,
				07402D5E2980817000F1F046 /* Preview Content */,
			);
			path = "Shuffle Trip";
			sourceTree = "<group>";
		};
		07402D5E2980817000F1F046 /* Preview Content */ = {
			isa = PBXGroup;
			children = (
				07402D5F2980817000F1F046 /* Preview Assets.xcassets */,
			);
			path = "Preview Content";
			sourceTree = "<group>";
		};
		07402D682980817000F1F046 /* Shuffle TripTests */ = {
			isa = PBXGroup;
			children = (
				07402D692980817000F1F046 /* Shuffle_TripTests.swift */,
			);
			path = "Shuffle TripTests";
			sourceTree = "<group>";
		};
		07402D722980817000F1F046 /* Shuffle TripUITests */ = {
			isa = PBXGroup;
			children = (
				07402D732980817000F1F046 /* Shuffle_TripUITests.swift */,
				07402D752980817000F1F046 /* Shuffle_TripUITestsLaunchTests.swift */,
			);
			path = "Shuffle TripUITests";
			sourceTree = "<group>";
		};
		07402D822980832C00F1F046 /* Custom Views */ = {
			isa = PBXGroup;
			children = (
				077C16EF2988B84F005993A8 /* Main Screen */,
				07B38F482984707900EA765F /* Bottom Drawer */,
				075C8FF62982109400BA3D12 /* Search Bar */,
				07F71A432980EABD007C7AE6 /* Region Selector */,
				07402D852980837A00F1F046 /* Blur.swift */,
				07B5C03D29EE5803003BE480 /* LookAroundV.swift */,
				07B87B7529E9EA970097EA05 /* Tag Picker */,
			);
			path = "Custom Views";
			sourceTree = "<group>";
		};
		074947C329E52A730024630D /* Trip Configurator */ = {
			isa = PBXGroup;
			children = (
				074947C429E52A900024630D /* TripConfiguratorV.swift */,
				074947C629E52B4D0024630D /* TripConfiguratorVM.swift */,
			);
			path = "Trip Configurator";
			sourceTree = "<group>";
		};
		0758377529E08AA30030ECC3 /* Header Buttons */ = {
			isa = PBXGroup;
			children = (
				0758377629E08B6B0030ECC3 /* ConfirmShuffleButtonsV.swift */,
				07782A0129E234D90009CAE2 /* ConfirmShuffleButtonsVM.swift */,
				0758377829E08C710030ECC3 /* TripInteractionButtonsV.swift */,
				0758377A29E08CEF0030ECC3 /* TripInteractionButtonsVM.swift */,
			);
			path = "Header Buttons";
			sourceTree = "<group>";
		};
		075C8FF62982109400BA3D12 /* Search Bar */ = {
			isa = PBXGroup;
			children = (
				075C8FF72982141E00BA3D12 /* SearchBar.swift */,
				07F83AC929821C1B004B86ED /* SearchBarCoordinator.swift */,
			);
			path = "Search Bar";
			sourceTree = "<group>";
		};
		07612C9F2999760C00C5CE6B /* Trip Data */ = {
			isa = PBXGroup;
			children = (
				076FC70A29CC330200648BB7 /* FriendTrips.swift */,
				07F71A4629810133007C7AE6 /* TripLocations.swift */,
				07612C9D299974FA00C5CE6B /* TripLocation.swift */,
				07F9D05729C95BC700D9791A /* Activity.swift */,
			);
			path = "Trip Data";
			sourceTree = "<group>";
		};
		077C16EF2988B84F005993A8 /* Main Screen */ = {
			isa = PBXGroup;
			children = (
				07FEB23D29EE26730034ED50 /* Login Screen */,
				07F71A3A29808788007C7AE6 /* ContentView.swift */,
				07C0D2CD299DDF7A00E001A8 /* ContentViewModel.swift */,
				073C5A02299DD81400C65BFD /* Drawers */,
			);
			path = "Main Screen";
			sourceTree = "<group>";
		};
		078558DB29C6255D00650C1F /* Trip Error */ = {
			isa = PBXGroup;
			children = (
				07EB143829C51D1E00A81847 /* TripErrorDV.swift */,
				078558DC29C6257C00650C1F /* TripErrorVM.swift */,
			);
			path = "Trip Error";
			sourceTree = "<group>";
		};
		07B38F482984707900EA765F /* Bottom Drawer */ = {
			isa = PBXGroup;
			children = (
				07402D832980833B00F1F046 /* BottomDrawerV.swift */,
				07B38F492984709D00EA765F /* BottomDrawerVM.swift */,
			);
			path = "Bottom Drawer";
			sourceTree = "<group>";
		};
		07B87B7529E9EA970097EA05 /* Tag Picker */ = {
			isa = PBXGroup;
			children = (
				07B87B7829E9EABF0097EA05 /* TagNavigatorV.swift */,
				07B87B7629E9EAA30097EA05 /* TagNavigatorVM.swift */,
				07B87B7A29EA0A110097EA05 /* TagSelectorV.swift */,
				07B87B7C29EA0B260097EA05 /* TagSelectorVM.swift */,
			);
			path = "Tag Picker";
			sourceTree = "<group>";
		};
		07E3D74429A0BB8000168218 /* Home */ = {
			isa = PBXGroup;
			children = (
				073C5A03299DD82200C65BFD /* HomeDV.swift */,
				073C5A05299DD9BE00C65BFD /* HomeVM.swift */,
			);
			path = Home;
			sourceTree = "<group>";
		};
		07E3D74529A0BB8F00168218 /* Selected Trip */ = {
			isa = PBXGroup;
			children = (
				07095A2429EB8F0900DD22E8 /* EditingTrackerM.swift */,
				07E3D74629A0BC0900168218 /* SelectedTripDV.swift */,
				07E3D74829A0BC2D00168218 /* SelectedTripVM.swift */,
				077503AF29DD24E000379F69 /* SelectedTripButtonsV.swift */,
				07EBE63629E687C6007A6235 /* SelectedTripContentV.swift */,
				07E4F5E929E8BA92007F2C8D /* SelectedTripContentVM.swift */,
				0758377529E08AA30030ECC3 /* Header Buttons */,
				07EBE63829E688B0007A6235 /* Body Content */,
				073CB9B029C51921008259A8 /* LoadingTripDV.swift */,
				078558DB29C6255D00650C1F /* Trip Error */,
			);
			path = "Selected Trip";
			sourceTree = "<group>";
		};
		07E4F5ED29E910A8007F2C8D /* Add Activity Button */ = {
			isa = PBXGroup;
			children = (
				07E4F5EB29E90DB4007F2C8D /* AddActivityButtonV.swift */,
				07E4F5EE29E910B9007F2C8D /* AddActivityButtonVM.swift */,
			);
			path = "Add Activity Button";
			sourceTree = "<group>";
		};
		07EBE63829E688B0007A6235 /* Body Content */ = {
			isa = PBXGroup;
			children = (
				07095A2829EBB42D00DD22E8 /* Ungenerated Activity Panel */,
				07F9D05929C95CA200D9791A /* Activity Pane */,
				07E4F5ED29E910A8007F2C8D /* Add Activity Button */,
				074947C329E52A730024630D /* Trip Configurator */,
			);
			path = "Body Content";
			sourceTree = "<group>";
		};
		07F71A3C2980894B007C7AE6 /* Data */ = {
			isa = PBXGroup;
			children = (
				07DC16E029D16A52003BFF26 /* API Handler.swift */,
				07F71A3D29808961007C7AE6 /* Default Data */,
				07612C9F2999760C00C5CE6B /* Trip Data */,
				07F71A4029808A3F007C7AE6 /* UserLocation.swift */,
				7479551D29EF634600636AEA /* UserLoginM.swift */,
			);
			path = Data;
			sourceTree = "<group>";
		};
		07F71A3D29808961007C7AE6 /* Default Data */ = {
			isa = PBXGroup;
			children = (
				07F71A3E29808980007C7AE6 /* MapDetails.swift */,
				074947B729E502C40024630D /* Categories Grouped.json */,
				07E3D74229A0A7D600168218 /* Trip.json */,
				074947C129E522400024630D /* TagDataM.swift */,
				074947BF29E5221A0024630D /* TagManager.swift */,
			);
			path = "Default Data";
			sourceTree = "<group>";
		};
		07F71A432980EABD007C7AE6 /* Region Selector */ = {
			isa = PBXGroup;
			children = (
				07F71A3829808773007C7AE6 /* RegionSelector.swift */,
				07F71A442980EAE0007C7AE6 /* RegionSelectorCoordinator.swift */,
				0725951D29BBCECB00AACAAA /* RegionDetails.swift */,
			);
			path = "Region Selector";
			sourceTree = "<group>";
		};
		07F9D05929C95CA200D9791A /* Activity Pane */ = {
			isa = PBXGroup;
			children = (
				07F9D05B29C95CA200D9791A /* ActivityPaneV.swift */,
				07F9D05A29C95CA200D9791A /* ActivityPaneVM.swift */,
			);
			path = "Activity Pane";
			sourceTree = "<group>";
		};
		07FEB23D29EE26730034ED50 /* Login Screen */ = {
			isa = PBXGroup;
			children = (
				7479551429EF412500636AEA /* LoginScreenV.swift */,
				7479551229EF412500636AEA /* LoginScreenVM.swift */,
				7479551929EF4FB100636AEA /* SignInWithAppleButtonV.swift */,
				7479551B29EF53AD00636AEA /* SignInWithAppleButtonVM.swift */,
			);
			path = "Login Screen";
			sourceTree = "<group>";
		};
		2CBE24606A46710E87293517 /* Frameworks */ = {
			isa = PBXGroup;
			children = (
				2BCAF5C322DE425916C5FBE8 /* Pods_Shuffle_Trip.framework */,
				6F408DEE5225C040D8FD9140 /* Pods_Shuffle_Trip_Shuffle_TripUITests.framework */,
				99D86BA779505ECA81D4D98A /* Pods_Shuffle_TripTests.framework */,
			);
			name = Frameworks;
			sourceTree = "<group>";
		};
		6BF013EC6E14B3C6F1D9B0D4 /* Pods */ = {
			isa = PBXGroup;
			children = (
				75D52DD6FDEFBBE5754EDB02 /* Pods-Shuffle Trip.debug.xcconfig */,
				D5D24DFAD90581AC68DC1C01 /* Pods-Shuffle Trip.release.xcconfig */,
				ECADC095065CC211F1C67C79 /* Pods-Shuffle Trip-Shuffle TripUITests.debug.xcconfig */,
				819ACD92A7A912CD8353F8B2 /* Pods-Shuffle Trip-Shuffle TripUITests.release.xcconfig */,
				6E3DD6E0B66F2AEFC005DE64 /* Pods-Shuffle TripTests.debug.xcconfig */,
				568A11EFBE9407F27FC8B5A9 /* Pods-Shuffle TripTests.release.xcconfig */,
			);
			path = Pods;
			sourceTree = "<group>";
		};
/* End PBXGroup section */

/* Begin PBXNativeTarget section */
		07402D542980816E00F1F046 /* Shuffle Trip */ = {
			isa = PBXNativeTarget;
			buildConfigurationList = 07402D792980817000F1F046 /* Build configuration list for PBXNativeTarget "Shuffle Trip" */;
			buildPhases = (
				98C098D52E0BE6D0EE265868 /* [CP] Check Pods Manifest.lock */,
				076CEE6F299B764A00EDE0FB /* Linter */,
				07402D512980816E00F1F046 /* Sources */,
				07402D522980816E00F1F046 /* Frameworks */,
				07402D532980816E00F1F046 /* Resources */,
				947F630C20C076C63E99160A /* [CP] Embed Pods Frameworks */,
			);
			buildRules = (
			);
			dependencies = (
			);
			name = "Shuffle Trip";
			productName = "Shuffle Trip";
			productReference = 07402D552980816E00F1F046 /* Shuffle Trip.app */;
			productType = "com.apple.product-type.application";
		};
		07402D642980817000F1F046 /* Shuffle TripTests */ = {
			isa = PBXNativeTarget;
			buildConfigurationList = 07402D7C2980817000F1F046 /* Build configuration list for PBXNativeTarget "Shuffle TripTests" */;
			buildPhases = (
				8E057E53C336363110342939 /* [CP] Check Pods Manifest.lock */,
				07402D612980817000F1F046 /* Sources */,
				07402D622980817000F1F046 /* Frameworks */,
				07402D632980817000F1F046 /* Resources */,
			);
			buildRules = (
			);
			dependencies = (
				07402D672980817000F1F046 /* PBXTargetDependency */,
			);
			name = "Shuffle TripTests";
			productName = "Shuffle TripTests";
			productReference = 07402D652980817000F1F046 /* Shuffle TripTests.xctest */;
			productType = "com.apple.product-type.bundle.unit-test";
		};
		07402D6E2980817000F1F046 /* Shuffle TripUITests */ = {
			isa = PBXNativeTarget;
			buildConfigurationList = 07402D7F2980817000F1F046 /* Build configuration list for PBXNativeTarget "Shuffle TripUITests" */;
			buildPhases = (
				369154484318C22F02CA35A2 /* [CP] Check Pods Manifest.lock */,
				07402D6B2980817000F1F046 /* Sources */,
				07402D6C2980817000F1F046 /* Frameworks */,
				07402D6D2980817000F1F046 /* Resources */,
				D6E0B3F847BD5B5770495E00 /* [CP] Embed Pods Frameworks */,
			);
			buildRules = (
			);
			dependencies = (
				07402D712980817000F1F046 /* PBXTargetDependency */,
			);
			name = "Shuffle TripUITests";
			productName = "Shuffle TripUITests";
			productReference = 07402D6F2980817000F1F046 /* Shuffle TripUITests.xctest */;
			productType = "com.apple.product-type.bundle.ui-testing";
		};
/* End PBXNativeTarget section */

/* Begin PBXProject section */
		07402D4D2980816E00F1F046 /* Project object */ = {
			isa = PBXProject;
			attributes = {
				BuildIndependentTargetsInParallel = 1;
				LastSwiftUpdateCheck = 1420;
				LastUpgradeCheck = 1420;
				TargetAttributes = {
					07402D542980816E00F1F046 = {
						CreatedOnToolsVersion = 14.2;
					};
					07402D642980817000F1F046 = {
						CreatedOnToolsVersion = 14.2;
						TestTargetID = 07402D542980816E00F1F046;
					};
					07402D6E2980817000F1F046 = {
						CreatedOnToolsVersion = 14.2;
						TestTargetID = 07402D542980816E00F1F046;
					};
				};
			};
			buildConfigurationList = 07402D502980816E00F1F046 /* Build configuration list for PBXProject "Shuffle Trip" */;
			compatibilityVersion = "Xcode 14.0";
			developmentRegion = en;
			hasScannedForEncodings = 0;
			knownRegions = (
				en,
				Base,
			);
			mainGroup = 07402D4C2980816E00F1F046;
			productRefGroup = 07402D562980816E00F1F046 /* Products */;
			projectDirPath = "";
			projectRoot = "";
			targets = (
				07402D542980816E00F1F046 /* Shuffle Trip */,
				07402D642980817000F1F046 /* Shuffle TripTests */,
				07402D6E2980817000F1F046 /* Shuffle TripUITests */,
			);
		};
/* End PBXProject section */

/* Begin PBXResourcesBuildPhase section */
		07402D532980816E00F1F046 /* Resources */ = {
			isa = PBXResourcesBuildPhase;
			buildActionMask = 2147483647;
			files = (
				07E3D74329A0A7D600168218 /* Trip.json in Resources */,
				07402D602980817000F1F046 /* Preview Assets.xcassets in Resources */,
				07402D5D2980817000F1F046 /* Assets.xcassets in Resources */,
				074947B829E502C40024630D /* Categories Grouped.json in Resources */,
			);
			runOnlyForDeploymentPostprocessing = 0;
		};
		07402D632980817000F1F046 /* Resources */ = {
			isa = PBXResourcesBuildPhase;
			buildActionMask = 2147483647;
			files = (
			);
			runOnlyForDeploymentPostprocessing = 0;
		};
		07402D6D2980817000F1F046 /* Resources */ = {
			isa = PBXResourcesBuildPhase;
			buildActionMask = 2147483647;
			files = (
			);
			runOnlyForDeploymentPostprocessing = 0;
		};
/* End PBXResourcesBuildPhase section */

/* Begin PBXShellScriptBuildPhase section */
		076CEE6F299B764A00EDE0FB /* Linter */ = {
			isa = PBXShellScriptBuildPhase;
			alwaysOutOfDate = 1;
			buildActionMask = 2147483647;
			files = (
			);
			inputFileListPaths = (
			);
			inputPaths = (
			);
			name = Linter;
			outputFileListPaths = (
			);
			outputPaths = (
			);
			runOnlyForDeploymentPostprocessing = 0;
			shellPath = /bin/sh;
			shellScript = "if which swiftlint >/dev/null; then\n    swiftlint\nelse \n    echo \"warning: SwiftLint not installed, download from https://github.com/realm/SwiftLint\"\nfi\n";
		};
		369154484318C22F02CA35A2 /* [CP] Check Pods Manifest.lock */ = {
			isa = PBXShellScriptBuildPhase;
			buildActionMask = 2147483647;
			files = (
			);
			inputFileListPaths = (
			);
			inputPaths = (
				"${PODS_PODFILE_DIR_PATH}/Podfile.lock",
				"${PODS_ROOT}/Manifest.lock",
			);
			name = "[CP] Check Pods Manifest.lock";
			outputFileListPaths = (
			);
			outputPaths = (
				"$(DERIVED_FILE_DIR)/Pods-Shuffle Trip-Shuffle TripUITests-checkManifestLockResult.txt",
			);
			runOnlyForDeploymentPostprocessing = 0;
			shellPath = /bin/sh;
			shellScript = "diff \"${PODS_PODFILE_DIR_PATH}/Podfile.lock\" \"${PODS_ROOT}/Manifest.lock\" > /dev/null\nif [ $? != 0 ] ; then\n    # print error to STDERR\n    echo \"error: The sandbox is not in sync with the Podfile.lock. Run 'pod install' or update your CocoaPods installation.\" >&2\n    exit 1\nfi\n# This output is used by Xcode 'outputs' to avoid re-running this script phase.\necho \"SUCCESS\" > \"${SCRIPT_OUTPUT_FILE_0}\"\n";
			showEnvVarsInLog = 0;
		};
		8E057E53C336363110342939 /* [CP] Check Pods Manifest.lock */ = {
			isa = PBXShellScriptBuildPhase;
			buildActionMask = 2147483647;
			files = (
			);
			inputFileListPaths = (
			);
			inputPaths = (
				"${PODS_PODFILE_DIR_PATH}/Podfile.lock",
				"${PODS_ROOT}/Manifest.lock",
			);
			name = "[CP] Check Pods Manifest.lock";
			outputFileListPaths = (
			);
			outputPaths = (
				"$(DERIVED_FILE_DIR)/Pods-Shuffle TripTests-checkManifestLockResult.txt",
			);
			runOnlyForDeploymentPostprocessing = 0;
			shellPath = /bin/sh;
			shellScript = "diff \"${PODS_PODFILE_DIR_PATH}/Podfile.lock\" \"${PODS_ROOT}/Manifest.lock\" > /dev/null\nif [ $? != 0 ] ; then\n    # print error to STDERR\n    echo \"error: The sandbox is not in sync with the Podfile.lock. Run 'pod install' or update your CocoaPods installation.\" >&2\n    exit 1\nfi\n# This output is used by Xcode 'outputs' to avoid re-running this script phase.\necho \"SUCCESS\" > \"${SCRIPT_OUTPUT_FILE_0}\"\n";
			showEnvVarsInLog = 0;
		};
		947F630C20C076C63E99160A /* [CP] Embed Pods Frameworks */ = {
			isa = PBXShellScriptBuildPhase;
			buildActionMask = 2147483647;
			files = (
			);
			inputFileListPaths = (
				"${PODS_ROOT}/Target Support Files/Pods-Shuffle Trip/Pods-Shuffle Trip-frameworks-${CONFIGURATION}-input-files.xcfilelist",
			);
			name = "[CP] Embed Pods Frameworks";
			outputFileListPaths = (
				"${PODS_ROOT}/Target Support Files/Pods-Shuffle Trip/Pods-Shuffle Trip-frameworks-${CONFIGURATION}-output-files.xcfilelist",
			);
			runOnlyForDeploymentPostprocessing = 0;
			shellPath = /bin/sh;
			shellScript = "\"${PODS_ROOT}/Target Support Files/Pods-Shuffle Trip/Pods-Shuffle Trip-frameworks.sh\"\n";
			showEnvVarsInLog = 0;
		};
		98C098D52E0BE6D0EE265868 /* [CP] Check Pods Manifest.lock */ = {
			isa = PBXShellScriptBuildPhase;
			buildActionMask = 2147483647;
			files = (
			);
			inputFileListPaths = (
			);
			inputPaths = (
				"${PODS_PODFILE_DIR_PATH}/Podfile.lock",
				"${PODS_ROOT}/Manifest.lock",
			);
			name = "[CP] Check Pods Manifest.lock";
			outputFileListPaths = (
			);
			outputPaths = (
				"$(DERIVED_FILE_DIR)/Pods-Shuffle Trip-checkManifestLockResult.txt",
			);
			runOnlyForDeploymentPostprocessing = 0;
			shellPath = /bin/sh;
			shellScript = "diff \"${PODS_PODFILE_DIR_PATH}/Podfile.lock\" \"${PODS_ROOT}/Manifest.lock\" > /dev/null\nif [ $? != 0 ] ; then\n    # print error to STDERR\n    echo \"error: The sandbox is not in sync with the Podfile.lock. Run 'pod install' or update your CocoaPods installation.\" >&2\n    exit 1\nfi\n# This output is used by Xcode 'outputs' to avoid re-running this script phase.\necho \"SUCCESS\" > \"${SCRIPT_OUTPUT_FILE_0}\"\n";
			showEnvVarsInLog = 0;
		};
		D6E0B3F847BD5B5770495E00 /* [CP] Embed Pods Frameworks */ = {
			isa = PBXShellScriptBuildPhase;
			buildActionMask = 2147483647;
			files = (
			);
			inputFileListPaths = (
				"${PODS_ROOT}/Target Support Files/Pods-Shuffle Trip-Shuffle TripUITests/Pods-Shuffle Trip-Shuffle TripUITests-frameworks-${CONFIGURATION}-input-files.xcfilelist",
			);
			name = "[CP] Embed Pods Frameworks";
			outputFileListPaths = (
				"${PODS_ROOT}/Target Support Files/Pods-Shuffle Trip-Shuffle TripUITests/Pods-Shuffle Trip-Shuffle TripUITests-frameworks-${CONFIGURATION}-output-files.xcfilelist",
			);
			runOnlyForDeploymentPostprocessing = 0;
			shellPath = /bin/sh;
			shellScript = "\"${PODS_ROOT}/Target Support Files/Pods-Shuffle Trip-Shuffle TripUITests/Pods-Shuffle Trip-Shuffle TripUITests-frameworks.sh\"\n";
			showEnvVarsInLog = 0;
		};
/* End PBXShellScriptBuildPhase section */

/* Begin PBXSourcesBuildPhase section */
		07402D512980816E00F1F046 /* Sources */ = {
			isa = PBXSourcesBuildPhase;
			buildActionMask = 2147483647;
			files = (
				078558DD29C6257C00650C1F /* TripErrorVM.swift in Sources */,
				0758377729E08B6B0030ECC3 /* ConfirmShuffleButtonsV.swift in Sources */,
				07EB143929C51D1E00A81847 /* TripErrorDV.swift in Sources */,
				07B38F4A2984709D00EA765F /* BottomDrawerVM.swift in Sources */,
				07F83ACA29821C1B004B86ED /* SearchBarCoordinator.swift in Sources */,
				074947C729E52B4D0024630D /* TripConfiguratorVM.swift in Sources */,
				07E3D74929A0BC2D00168218 /* SelectedTripVM.swift in Sources */,
				07C0D2CE299DDF7A00E001A8 /* ContentViewModel.swift in Sources */,
				073CB9B129C51921008259A8 /* LoadingTripDV.swift in Sources */,
				07EBE63729E687C6007A6235 /* SelectedTripContentV.swift in Sources */,
				07F71A4729810133007C7AE6 /* TripLocations.swift in Sources */,
				7479551C29EF53AD00636AEA /* SignInWithAppleButtonVM.swift in Sources */,
				07DC16E129D16A52003BFF26 /* API Handler.swift in Sources */,
				0725951E29BBCECB00AACAAA /* RegionDetails.swift in Sources */,
				07B87B7B29EA0A110097EA05 /* TagSelectorV.swift in Sources */,
				07F71A3929808773007C7AE6 /* RegionSelector.swift in Sources */,
				7479551A29EF4FB100636AEA /* SignInWithAppleButtonV.swift in Sources */,
				07F9D05D29C95CA200D9791A /* ActivityPaneV.swift in Sources */,
				7479551E29EF634600636AEA /* UserLoginM.swift in Sources */,
				7479551729EF412500636AEA /* LoginScreenV.swift in Sources */,
				073C5A06299DD9BE00C65BFD /* HomeVM.swift in Sources */,
				076FC70B29CC330200648BB7 /* FriendTrips.swift in Sources */,
				7479551529EF412500636AEA /* LoginScreenVM.swift in Sources */,
				07612C9E299974FA00C5CE6B /* TripLocation.swift in Sources */,
				075C8FF82982141E00BA3D12 /* SearchBar.swift in Sources */,
				07E3D74729A0BC0900168218 /* SelectedTripDV.swift in Sources */,
				07F71A3B29808788007C7AE6 /* ContentView.swift in Sources */,
				0758377B29E08CEF0030ECC3 /* TripInteractionButtonsVM.swift in Sources */,
				07402D862980837A00F1F046 /* Blur.swift in Sources */,
				07782A0229E234D90009CAE2 /* ConfirmShuffleButtonsVM.swift in Sources */,
				07B87B7929E9EABF0097EA05 /* TagNavigatorV.swift in Sources */,
				07B5C03E29EE5803003BE480 /* LookAroundV.swift in Sources */,
				07095A2C29EBB46400DD22E8 /* UngeneratedActivityPanelVM.swift in Sources */,
				0758377929E08C710030ECC3 /* TripInteractionButtonsV.swift in Sources */,
				07F71A452980EAE0007C7AE6 /* RegionSelectorCoordinator.swift in Sources */,
				077503B029DD24E000379F69 /* SelectedTripButtonsV.swift in Sources */,
				074947C029E5221A0024630D /* TagManager.swift in Sources */,
				07E4F5EF29E910B9007F2C8D /* AddActivityButtonVM.swift in Sources */,
				07E4F5EC29E90DB4007F2C8D /* AddActivityButtonV.swift in Sources */,
				074947C529E52A900024630D /* TripConfiguratorV.swift in Sources */,
				07402D592980816E00F1F046 /* Shuffle_TripApp.swift in Sources */,
				07F71A3F29808980007C7AE6 /* MapDetails.swift in Sources */,
				07095A2A29EBB44E00DD22E8 /* UngeneratedActivityPanelV.swift in Sources */,
				07F71A4129808A3F007C7AE6 /* UserLocation.swift in Sources */,
				07F9D05C29C95CA200D9791A /* ActivityPaneVM.swift in Sources */,
				07402D842980833B00F1F046 /* BottomDrawerV.swift in Sources */,
				07B87B7D29EA0B260097EA05 /* TagSelectorVM.swift in Sources */,
				07F9D05829C95BC700D9791A /* Activity.swift in Sources */,
				074947C229E522400024630D /* TagDataM.swift in Sources */,
				07095A2529EB8F0900DD22E8 /* EditingTrackerM.swift in Sources */,
				07E4F5EA29E8BA92007F2C8D /* SelectedTripContentVM.swift in Sources */,
				0715071229C3BD0800AA0959 /* DrawerViewP.swift in Sources */,
				073C5A04299DD82200C65BFD /* HomeDV.swift in Sources */,
				07B87B7729E9EAA30097EA05 /* TagNavigatorVM.swift in Sources */,
			);
			runOnlyForDeploymentPostprocessing = 0;
		};
		07402D612980817000F1F046 /* Sources */ = {
			isa = PBXSourcesBuildPhase;
			buildActionMask = 2147483647;
			files = (
				07402D6A2980817000F1F046 /* Shuffle_TripTests.swift in Sources */,
			);
			runOnlyForDeploymentPostprocessing = 0;
		};
		07402D6B2980817000F1F046 /* Sources */ = {
			isa = PBXSourcesBuildPhase;
			buildActionMask = 2147483647;
			files = (
				07402D742980817000F1F046 /* Shuffle_TripUITests.swift in Sources */,
				07402D762980817000F1F046 /* Shuffle_TripUITestsLaunchTests.swift in Sources */,
			);
			runOnlyForDeploymentPostprocessing = 0;
		};
/* End PBXSourcesBuildPhase section */

/* Begin PBXTargetDependency section */
		07402D672980817000F1F046 /* PBXTargetDependency */ = {
			isa = PBXTargetDependency;
			target = 07402D542980816E00F1F046 /* Shuffle Trip */;
			targetProxy = 07402D662980817000F1F046 /* PBXContainerItemProxy */;
		};
		07402D712980817000F1F046 /* PBXTargetDependency */ = {
			isa = PBXTargetDependency;
			target = 07402D542980816E00F1F046 /* Shuffle Trip */;
			targetProxy = 07402D702980817000F1F046 /* PBXContainerItemProxy */;
		};
/* End PBXTargetDependency section */

/* Begin XCBuildConfiguration section */
		07402D772980817000F1F046 /* Debug */ = {
			isa = XCBuildConfiguration;
			buildSettings = {
				ALWAYS_SEARCH_USER_PATHS = NO;
				CLANG_ANALYZER_NONNULL = YES;
				CLANG_ANALYZER_NUMBER_OBJECT_CONVERSION = YES_AGGRESSIVE;
				CLANG_CXX_LANGUAGE_STANDARD = "gnu++20";
				CLANG_ENABLE_MODULES = YES;
				CLANG_ENABLE_OBJC_ARC = YES;
				CLANG_ENABLE_OBJC_WEAK = YES;
				CLANG_WARN_BLOCK_CAPTURE_AUTORELEASING = YES;
				CLANG_WARN_BOOL_CONVERSION = YES;
				CLANG_WARN_COMMA = YES;
				CLANG_WARN_CONSTANT_CONVERSION = YES;
				CLANG_WARN_DEPRECATED_OBJC_IMPLEMENTATIONS = YES;
				CLANG_WARN_DIRECT_OBJC_ISA_USAGE = YES_ERROR;
				CLANG_WARN_DOCUMENTATION_COMMENTS = YES;
				CLANG_WARN_EMPTY_BODY = YES;
				CLANG_WARN_ENUM_CONVERSION = YES;
				CLANG_WARN_INFINITE_RECURSION = YES;
				CLANG_WARN_INT_CONVERSION = YES;
				CLANG_WARN_NON_LITERAL_NULL_CONVERSION = YES;
				CLANG_WARN_OBJC_IMPLICIT_RETAIN_SELF = YES;
				CLANG_WARN_OBJC_LITERAL_CONVERSION = YES;
				CLANG_WARN_OBJC_ROOT_CLASS = YES_ERROR;
				CLANG_WARN_QUOTED_INCLUDE_IN_FRAMEWORK_HEADER = YES;
				CLANG_WARN_RANGE_LOOP_ANALYSIS = YES;
				CLANG_WARN_STRICT_PROTOTYPES = YES;
				CLANG_WARN_SUSPICIOUS_MOVE = YES;
				CLANG_WARN_UNGUARDED_AVAILABILITY = YES_AGGRESSIVE;
				CLANG_WARN_UNREACHABLE_CODE = YES;
				CLANG_WARN__DUPLICATE_METHOD_MATCH = YES;
				COPY_PHASE_STRIP = NO;
				DEBUG_INFORMATION_FORMAT = dwarf;
				ENABLE_STRICT_OBJC_MSGSEND = YES;
				ENABLE_TESTABILITY = YES;
				GCC_C_LANGUAGE_STANDARD = gnu11;
				GCC_DYNAMIC_NO_PIC = NO;
				GCC_NO_COMMON_BLOCKS = YES;
				GCC_OPTIMIZATION_LEVEL = 0;
				GCC_PREPROCESSOR_DEFINITIONS = (
					"DEBUG=1",
					"$(inherited)",
				);
				GCC_WARN_64_TO_32_BIT_CONVERSION = YES;
				GCC_WARN_ABOUT_RETURN_TYPE = YES_ERROR;
				GCC_WARN_UNDECLARED_SELECTOR = YES;
				GCC_WARN_UNINITIALIZED_AUTOS = YES_AGGRESSIVE;
				GCC_WARN_UNUSED_FUNCTION = YES;
				GCC_WARN_UNUSED_VARIABLE = YES;
				IPHONEOS_DEPLOYMENT_TARGET = 16.0;
				MTL_ENABLE_DEBUG_INFO = INCLUDE_SOURCE;
				MTL_FAST_MATH = YES;
				ONLY_ACTIVE_ARCH = YES;
				SDKROOT = iphoneos;
				SWIFT_ACTIVE_COMPILATION_CONDITIONS = DEBUG;
				SWIFT_OPTIMIZATION_LEVEL = "-Onone";
			};
			name = Debug;
		};
		07402D782980817000F1F046 /* Release */ = {
			isa = XCBuildConfiguration;
			buildSettings = {
				ALWAYS_SEARCH_USER_PATHS = NO;
				CLANG_ANALYZER_NONNULL = YES;
				CLANG_ANALYZER_NUMBER_OBJECT_CONVERSION = YES_AGGRESSIVE;
				CLANG_CXX_LANGUAGE_STANDARD = "gnu++20";
				CLANG_ENABLE_MODULES = YES;
				CLANG_ENABLE_OBJC_ARC = YES;
				CLANG_ENABLE_OBJC_WEAK = YES;
				CLANG_WARN_BLOCK_CAPTURE_AUTORELEASING = YES;
				CLANG_WARN_BOOL_CONVERSION = YES;
				CLANG_WARN_COMMA = YES;
				CLANG_WARN_CONSTANT_CONVERSION = YES;
				CLANG_WARN_DEPRECATED_OBJC_IMPLEMENTATIONS = YES;
				CLANG_WARN_DIRECT_OBJC_ISA_USAGE = YES_ERROR;
				CLANG_WARN_DOCUMENTATION_COMMENTS = YES;
				CLANG_WARN_EMPTY_BODY = YES;
				CLANG_WARN_ENUM_CONVERSION = YES;
				CLANG_WARN_INFINITE_RECURSION = YES;
				CLANG_WARN_INT_CONVERSION = YES;
				CLANG_WARN_NON_LITERAL_NULL_CONVERSION = YES;
				CLANG_WARN_OBJC_IMPLICIT_RETAIN_SELF = YES;
				CLANG_WARN_OBJC_LITERAL_CONVERSION = YES;
				CLANG_WARN_OBJC_ROOT_CLASS = YES_ERROR;
				CLANG_WARN_QUOTED_INCLUDE_IN_FRAMEWORK_HEADER = YES;
				CLANG_WARN_RANGE_LOOP_ANALYSIS = YES;
				CLANG_WARN_STRICT_PROTOTYPES = YES;
				CLANG_WARN_SUSPICIOUS_MOVE = YES;
				CLANG_WARN_UNGUARDED_AVAILABILITY = YES_AGGRESSIVE;
				CLANG_WARN_UNREACHABLE_CODE = YES;
				CLANG_WARN__DUPLICATE_METHOD_MATCH = YES;
				COPY_PHASE_STRIP = NO;
				DEBUG_INFORMATION_FORMAT = "dwarf-with-dsym";
				ENABLE_NS_ASSERTIONS = NO;
				ENABLE_STRICT_OBJC_MSGSEND = YES;
				GCC_C_LANGUAGE_STANDARD = gnu11;
				GCC_NO_COMMON_BLOCKS = YES;
				GCC_WARN_64_TO_32_BIT_CONVERSION = YES;
				GCC_WARN_ABOUT_RETURN_TYPE = YES_ERROR;
				GCC_WARN_UNDECLARED_SELECTOR = YES;
				GCC_WARN_UNINITIALIZED_AUTOS = YES_AGGRESSIVE;
				GCC_WARN_UNUSED_FUNCTION = YES;
				GCC_WARN_UNUSED_VARIABLE = YES;
				IPHONEOS_DEPLOYMENT_TARGET = 16.0;
				MTL_ENABLE_DEBUG_INFO = NO;
				MTL_FAST_MATH = YES;
				SDKROOT = iphoneos;
				SWIFT_COMPILATION_MODE = wholemodule;
				SWIFT_OPTIMIZATION_LEVEL = "-O";
				VALIDATE_PRODUCT = YES;
			};
			name = Release;
		};
		07402D7A2980817000F1F046 /* Debug */ = {
			isa = XCBuildConfiguration;
			baseConfigurationReference = 75D52DD6FDEFBBE5754EDB02 /* Pods-Shuffle Trip.debug.xcconfig */;
			buildSettings = {
				ASSETCATALOG_COMPILER_APPICON_NAME = AppIcon;
				ASSETCATALOG_COMPILER_GLOBAL_ACCENT_COLOR_NAME = AccentColor;
				CODE_SIGN_ENTITLEMENTS = "Shuffle Trip/Shuffle Trip.entitlements";
				CODE_SIGN_STYLE = Automatic;
				CURRENT_PROJECT_VERSION = 1;
				DEVELOPMENT_ASSET_PATHS = "\"Shuffle Trip/Preview Content\"";
				DEVELOPMENT_TEAM = 68A766T4GX;
				ENABLE_PREVIEWS = YES;
				GENERATE_INFOPLIST_FILE = YES;
				INFOPLIST_FILE = "Shuffle-Trip-Info.plist";
				INFOPLIST_KEY_CFBundleDisplayName = "Shuffle Trip";
				INFOPLIST_KEY_LSApplicationCategoryType = "public.app-category.travel";
				INFOPLIST_KEY_LSSupportsOpeningDocumentsInPlace = YES;
				INFOPLIST_KEY_NSLocationWhenInUseUsageDescription = "It may be helpful to orient yourself on the map using your location.";
				INFOPLIST_KEY_UIApplicationSceneManifest_Generation = YES;
				INFOPLIST_KEY_UIApplicationSupportsIndirectInputEvents = YES;
				INFOPLIST_KEY_UILaunchScreen_Generation = YES;
				INFOPLIST_KEY_UISupportedInterfaceOrientations_iPad = "UIInterfaceOrientationPortrait UIInterfaceOrientationPortraitUpsideDown UIInterfaceOrientationLandscapeLeft UIInterfaceOrientationLandscapeRight";
				INFOPLIST_KEY_UISupportedInterfaceOrientations_iPhone = "UIInterfaceOrientationPortrait UIInterfaceOrientationLandscapeLeft UIInterfaceOrientationLandscapeRight UIInterfaceOrientationPortraitUpsideDown";
				IPHONEOS_DEPLOYMENT_TARGET = 16.0;
				LD_RUNPATH_SEARCH_PATHS = (
					"$(inherited)",
					"@executable_path/Frameworks",
				);
				MARKETING_VERSION = 1.0;
				PRODUCT_BUNDLE_IDENTIFIER = "com.Shuffle-Trip.Shuffle-Trip";
				PRODUCT_NAME = "$(TARGET_NAME)";
				SWIFT_EMIT_LOC_STRINGS = YES;
				SWIFT_VERSION = 5.0;
				TARGETED_DEVICE_FAMILY = "1,2";
			};
			name = Debug;
		};
		07402D7B2980817000F1F046 /* Release */ = {
			isa = XCBuildConfiguration;
			baseConfigurationReference = D5D24DFAD90581AC68DC1C01 /* Pods-Shuffle Trip.release.xcconfig */;
			buildSettings = {
				ASSETCATALOG_COMPILER_APPICON_NAME = AppIcon;
				ASSETCATALOG_COMPILER_GLOBAL_ACCENT_COLOR_NAME = AccentColor;
				CODE_SIGN_ENTITLEMENTS = "Shuffle Trip/Shuffle TripRelease.entitlements";
				CODE_SIGN_IDENTITY = "Apple Development";
				CODE_SIGN_STYLE = Automatic;
				CURRENT_PROJECT_VERSION = 1;
				DEVELOPMENT_ASSET_PATHS = "\"Shuffle Trip/Preview Content\"";
				DEVELOPMENT_TEAM = 68A766T4GX;
				ENABLE_PREVIEWS = YES;
				GENERATE_INFOPLIST_FILE = YES;
				INFOPLIST_FILE = "Shuffle-Trip-Info.plist";
				INFOPLIST_KEY_CFBundleDisplayName = "Shuffle Trip";
				INFOPLIST_KEY_LSApplicationCategoryType = "public.app-category.travel";
				INFOPLIST_KEY_LSSupportsOpeningDocumentsInPlace = YES;
				INFOPLIST_KEY_NSLocationWhenInUseUsageDescription = "It may be helpful to orient yourself on the map using your location.";
				INFOPLIST_KEY_UIApplicationSceneManifest_Generation = YES;
				INFOPLIST_KEY_UIApplicationSupportsIndirectInputEvents = YES;
				INFOPLIST_KEY_UILaunchScreen_Generation = YES;
				INFOPLIST_KEY_UISupportedInterfaceOrientations_iPad = "UIInterfaceOrientationPortrait UIInterfaceOrientationPortraitUpsideDown UIInterfaceOrientationLandscapeLeft UIInterfaceOrientationLandscapeRight";
				INFOPLIST_KEY_UISupportedInterfaceOrientations_iPhone = "UIInterfaceOrientationPortrait UIInterfaceOrientationLandscapeLeft UIInterfaceOrientationLandscapeRight UIInterfaceOrientationPortraitUpsideDown";
				IPHONEOS_DEPLOYMENT_TARGET = 16.0;
				LD_RUNPATH_SEARCH_PATHS = (
					"$(inherited)",
					"@executable_path/Frameworks",
				);
				MARKETING_VERSION = 1.0;
				PRODUCT_BUNDLE_IDENTIFIER = "com.BenRoberts.Shuffle-Trip";
				PRODUCT_NAME = "$(TARGET_NAME)";
				PROVISIONING_PROFILE_SPECIFIER = "";
				SWIFT_EMIT_LOC_STRINGS = YES;
				SWIFT_VERSION = 5.0;
				TARGETED_DEVICE_FAMILY = "1,2";
			};
			name = Release;
		};
		07402D7D2980817000F1F046 /* Debug */ = {
			isa = XCBuildConfiguration;
			baseConfigurationReference = 6E3DD6E0B66F2AEFC005DE64 /* Pods-Shuffle TripTests.debug.xcconfig */;
			buildSettings = {
				ALWAYS_EMBED_SWIFT_STANDARD_LIBRARIES = YES;
				BUNDLE_LOADER = "$(TEST_HOST)";
				CODE_SIGN_STYLE = Automatic;
				CURRENT_PROJECT_VERSION = 1;
				DEVELOPMENT_TEAM = 68A766T4GX;
				GENERATE_INFOPLIST_FILE = YES;
				IPHONEOS_DEPLOYMENT_TARGET = 16.0;
				MARKETING_VERSION = 1.0;
				PRODUCT_BUNDLE_IDENTIFIER = "com.Shuffle-Trip.Shuffle-TripTests";
				PRODUCT_NAME = "$(TARGET_NAME)";
				SWIFT_EMIT_LOC_STRINGS = NO;
				SWIFT_VERSION = 5.0;
				TARGETED_DEVICE_FAMILY = "1,2";
				TEST_HOST = "$(BUILT_PRODUCTS_DIR)/Shuffle Trip.app/$(BUNDLE_EXECUTABLE_FOLDER_PATH)/Shuffle Trip";
			};
			name = Debug;
		};
		07402D7E2980817000F1F046 /* Release */ = {
			isa = XCBuildConfiguration;
			baseConfigurationReference = 568A11EFBE9407F27FC8B5A9 /* Pods-Shuffle TripTests.release.xcconfig */;
			buildSettings = {
				ALWAYS_EMBED_SWIFT_STANDARD_LIBRARIES = YES;
				BUNDLE_LOADER = "$(TEST_HOST)";
				CODE_SIGN_STYLE = Automatic;
				CURRENT_PROJECT_VERSION = 1;
				DEVELOPMENT_TEAM = 68A766T4GX;
				GENERATE_INFOPLIST_FILE = YES;
				IPHONEOS_DEPLOYMENT_TARGET = 16.0;
				MARKETING_VERSION = 1.0;
				PRODUCT_BUNDLE_IDENTIFIER = "com.BenRoberts.Shuffle-Trip-Tests";
				PRODUCT_NAME = "$(TARGET_NAME)";
				SWIFT_EMIT_LOC_STRINGS = NO;
				SWIFT_VERSION = 5.0;
				TARGETED_DEVICE_FAMILY = "1,2";
				TEST_HOST = "$(BUILT_PRODUCTS_DIR)/Shuffle Trip.app/$(BUNDLE_EXECUTABLE_FOLDER_PATH)/Shuffle Trip";
			};
			name = Release;
		};
		07402D802980817000F1F046 /* Debug */ = {
			isa = XCBuildConfiguration;
			baseConfigurationReference = ECADC095065CC211F1C67C79 /* Pods-Shuffle Trip-Shuffle TripUITests.debug.xcconfig */;
			buildSettings = {
				ALWAYS_EMBED_SWIFT_STANDARD_LIBRARIES = YES;
				CODE_SIGN_STYLE = Automatic;
				CURRENT_PROJECT_VERSION = 1;
				DEVELOPMENT_TEAM = 68A766T4GX;
				GENERATE_INFOPLIST_FILE = YES;
				IPHONEOS_DEPLOYMENT_TARGET = 16.0;
				MARKETING_VERSION = 1.0;
				PRODUCT_BUNDLE_IDENTIFIER = "com.Shuffle-Trip.Shuffle-TripUITests";
				PRODUCT_NAME = "$(TARGET_NAME)";
				SWIFT_EMIT_LOC_STRINGS = NO;
				SWIFT_VERSION = 5.0;
				TARGETED_DEVICE_FAMILY = "1,2";
				TEST_TARGET_NAME = "Shuffle Trip";
			};
			name = Debug;
		};
		07402D812980817000F1F046 /* Release */ = {
			isa = XCBuildConfiguration;
			baseConfigurationReference = 819ACD92A7A912CD8353F8B2 /* Pods-Shuffle Trip-Shuffle TripUITests.release.xcconfig */;
			buildSettings = {
				ALWAYS_EMBED_SWIFT_STANDARD_LIBRARIES = YES;
				"CODE_SIGN_IDENTITY[sdk=macosx*]" = "Apple Development";
				CODE_SIGN_STYLE = Automatic;
				CURRENT_PROJECT_VERSION = 1;
				DEVELOPMENT_TEAM = 68A766T4GX;
				GENERATE_INFOPLIST_FILE = YES;
				IPHONEOS_DEPLOYMENT_TARGET = 16.0;
				MARKETING_VERSION = 1.0;
				PRODUCT_BUNDLE_IDENTIFIER = "com.BenRoberts.Shuffle-Trip-UITests";
				PRODUCT_NAME = "$(TARGET_NAME)";
				SWIFT_EMIT_LOC_STRINGS = NO;
				SWIFT_VERSION = 5.0;
				TARGETED_DEVICE_FAMILY = "1,2";
				TEST_TARGET_NAME = "Shuffle Trip";
			};
			name = Release;
		};
/* End XCBuildConfiguration section */

/* Begin XCConfigurationList section */
		07402D502980816E00F1F046 /* Build configuration list for PBXProject "Shuffle Trip" */ = {
			isa = XCConfigurationList;
			buildConfigurations = (
				07402D772980817000F1F046 /* Debug */,
				07402D782980817000F1F046 /* Release */,
			);
			defaultConfigurationIsVisible = 0;
			defaultConfigurationName = Release;
		};
		07402D792980817000F1F046 /* Build configuration list for PBXNativeTarget "Shuffle Trip" */ = {
			isa = XCConfigurationList;
			buildConfigurations = (
				07402D7A2980817000F1F046 /* Debug */,
				07402D7B2980817000F1F046 /* Release */,
			);
			defaultConfigurationIsVisible = 0;
			defaultConfigurationName = Release;
		};
		07402D7C2980817000F1F046 /* Build configuration list for PBXNativeTarget "Shuffle TripTests" */ = {
			isa = XCConfigurationList;
			buildConfigurations = (
				07402D7D2980817000F1F046 /* Debug */,
				07402D7E2980817000F1F046 /* Release */,
			);
			defaultConfigurationIsVisible = 0;
			defaultConfigurationName = Release;
		};
		07402D7F2980817000F1F046 /* Build configuration list for PBXNativeTarget "Shuffle TripUITests" */ = {
			isa = XCConfigurationList;
			buildConfigurations = (
				07402D802980817000F1F046 /* Debug */,
				07402D812980817000F1F046 /* Release */,
			);
			defaultConfigurationIsVisible = 0;
			defaultConfigurationName = Release;
		};
/* End XCConfigurationList section */
	};
	rootObject = 07402D4D2980816E00F1F046 /* Project object */;
}
