// !$*UTF8*$!
{
	archiveVersion = 1;
	classes = {
	};
	objectVersion = 56;
	objects = {

/* Begin PBXBuildFile section */
		07402D592980816E00F1F046 /* Shuffle_TripApp.swift in Sources */ = {isa = PBXBuildFile; fileRef = 07402D582980816E00F1F046 /* Shuffle_TripApp.swift */; };
		07402D5D2980817000F1F046 /* Assets.xcassets in Resources */ = {isa = PBXBuildFile; fileRef = 07402D5C2980817000F1F046 /* Assets.xcassets */; };
		07402D602980817000F1F046 /* Preview Assets.xcassets in Resources */ = {isa = PBXBuildFile; fileRef = 07402D5F2980817000F1F046 /* Preview Assets.xcassets */; };
		07402D6A2980817000F1F046 /* Shuffle_TripTests.swift in Sources */ = {isa = PBXBuildFile; fileRef = 07402D692980817000F1F046 /* Shuffle_TripTests.swift */; };
		07402D742980817000F1F046 /* Shuffle_TripUITests.swift in Sources */ = {isa = PBXBuildFile; fileRef = 07402D732980817000F1F046 /* Shuffle_TripUITests.swift */; };
		07402D762980817000F1F046 /* Shuffle_TripUITestsLaunchTests.swift in Sources */ = {isa = PBXBuildFile; fileRef = 07402D752980817000F1F046 /* Shuffle_TripUITestsLaunchTests.swift */; };
		07402D842980833B00F1F046 /* BottomDrawer.swift in Sources */ = {isa = PBXBuildFile; fileRef = 07402D832980833B00F1F046 /* BottomDrawer.swift */; };
		07402D862980837A00F1F046 /* Blur.swift in Sources */ = {isa = PBXBuildFile; fileRef = 07402D852980837A00F1F046 /* Blur.swift */; };
		07F71A3929808773007C7AE6 /* RegionSelector.swift in Sources */ = {isa = PBXBuildFile; fileRef = 07F71A3829808773007C7AE6 /* RegionSelector.swift */; };
		07F71A3B29808788007C7AE6 /* MainScreenMV.swift in Sources */ = {isa = PBXBuildFile; fileRef = 07F71A3A29808788007C7AE6 /* MainScreenMV.swift */; };
		07F71A3F29808980007C7AE6 /* MapDetails.swift in Sources */ = {isa = PBXBuildFile; fileRef = 07F71A3E29808980007C7AE6 /* MapDetails.swift */; };
		07F71A4129808A3F007C7AE6 /* UserLocation.swift in Sources */ = {isa = PBXBuildFile; fileRef = 07F71A4029808A3F007C7AE6 /* UserLocation.swift */; };
		07F71A452980EAE0007C7AE6 /* RegionSelectorCoordinator.swift in Sources */ = {isa = PBXBuildFile; fileRef = 07F71A442980EAE0007C7AE6 /* RegionSelectorCoordinator.swift */; };
		07F71A4729810133007C7AE6 /* TripLocations.swift in Sources */ = {isa = PBXBuildFile; fileRef = 07F71A4629810133007C7AE6 /* TripLocations.swift */; };
/* End PBXBuildFile section */

/* Begin PBXContainerItemProxy section */
		07402D662980817000F1F046 /* PBXContainerItemProxy */ = {
			isa = PBXContainerItemProxy;
			containerPortal = 07402D4D2980816E00F1F046 /* Project object */;
			proxyType = 1;
			remoteGlobalIDString = 07402D542980816E00F1F046;
			remoteInfo = "Shuffle Trip";
		};
		07402D702980817000F1F046 /* PBXContainerItemProxy */ = {
			isa = PBXContainerItemProxy;
			containerPortal = 07402D4D2980816E00F1F046 /* Project object */;
			proxyType = 1;
			remoteGlobalIDString = 07402D542980816E00F1F046;
			remoteInfo = "Shuffle Trip";
		};
/* End PBXContainerItemProxy section */

/* Begin PBXFileReference section */
		07402D552980816E00F1F046 /* Shuffle Trip.app */ = {isa = PBXFileReference; explicitFileType = wrapper.application; includeInIndex = 0; path = "Shuffle Trip.app"; sourceTree = BUILT_PRODUCTS_DIR; };
		07402D582980816E00F1F046 /* Shuffle_TripApp.swift */ = {isa = PBXFileReference; lastKnownFileType = sourcecode.swift; path = Shuffle_TripApp.swift; sourceTree = "<group>"; };
		07402D5C2980817000F1F046 /* Assets.xcassets */ = {isa = PBXFileReference; lastKnownFileType = folder.assetcatalog; name = Assets.xcassets; path = "Shuffle Trip/Assets.xcassets"; sourceTree = "<group>"; };
		07402D5F2980817000F1F046 /* Preview Assets.xcassets */ = {isa = PBXFileReference; lastKnownFileType = folder.assetcatalog; path = "Preview Assets.xcassets"; sourceTree = "<group>"; };
		07402D652980817000F1F046 /* Shuffle TripTests.xctest */ = {isa = PBXFileReference; explicitFileType = wrapper.cfbundle; includeInIndex = 0; path = "Shuffle TripTests.xctest"; sourceTree = BUILT_PRODUCTS_DIR; };
		07402D692980817000F1F046 /* Shuffle_TripTests.swift */ = {isa = PBXFileReference; lastKnownFileType = sourcecode.swift; path = Shuffle_TripTests.swift; sourceTree = "<group>"; };
		07402D6F2980817000F1F046 /* Shuffle TripUITests.xctest */ = {isa = PBXFileReference; explicitFileType = wrapper.cfbundle; includeInIndex = 0; path = "Shuffle TripUITests.xctest"; sourceTree = BUILT_PRODUCTS_DIR; };
		07402D732980817000F1F046 /* Shuffle_TripUITests.swift */ = {isa = PBXFileReference; lastKnownFileType = sourcecode.swift; path = Shuffle_TripUITests.swift; sourceTree = "<group>"; };
		07402D752980817000F1F046 /* Shuffle_TripUITestsLaunchTests.swift */ = {isa = PBXFileReference; lastKnownFileType = sourcecode.swift; path = Shuffle_TripUITestsLaunchTests.swift; sourceTree = "<group>"; };
		07402D832980833B00F1F046 /* BottomDrawer.swift */ = {isa = PBXFileReference; lastKnownFileType = sourcecode.swift; path = BottomDrawer.swift; sourceTree = "<group>"; };
		07402D852980837A00F1F046 /* Blur.swift */ = {isa = PBXFileReference; lastKnownFileType = sourcecode.swift; path = Blur.swift; sourceTree = "<group>"; };
		07F71A3829808773007C7AE6 /* RegionSelector.swift */ = {isa = PBXFileReference; lastKnownFileType = sourcecode.swift; path = RegionSelector.swift; sourceTree = "<group>"; };
		07F71A3A29808788007C7AE6 /* MainScreenMV.swift */ = {isa = PBXFileReference; lastKnownFileType = sourcecode.swift; path = MainScreenMV.swift; sourceTree = "<group>"; };
		07F71A3E29808980007C7AE6 /* MapDetails.swift */ = {isa = PBXFileReference; lastKnownFileType = sourcecode.swift; path = MapDetails.swift; sourceTree = "<group>"; };
		07F71A4029808A3F007C7AE6 /* UserLocation.swift */ = {isa = PBXFileReference; lastKnownFileType = sourcecode.swift; path = UserLocation.swift; sourceTree = "<group>"; };
		07F71A4229808E10007C7AE6 /* Shuffle-Trip-Info.plist */ = {isa = PBXFileReference; lastKnownFileType = text.plist; path = "Shuffle-Trip-Info.plist"; sourceTree = SOURCE_ROOT; };
		07F71A442980EAE0007C7AE6 /* RegionSelectorCoordinator.swift */ = {isa = PBXFileReference; lastKnownFileType = sourcecode.swift; path = RegionSelectorCoordinator.swift; sourceTree = "<group>"; };
		07F71A4629810133007C7AE6 /* TripLocations.swift */ = {isa = PBXFileReference; lastKnownFileType = sourcecode.swift; path = TripLocations.swift; sourceTree = "<group>"; };
/* End PBXFileReference section */

/* Begin PBXFrameworksBuildPhase section */
		07402D522980816E00F1F046 /* Frameworks */ = {
			isa = PBXFrameworksBuildPhase;
			buildActionMask = 2147483647;
			files = (
			);
			runOnlyForDeploymentPostprocessing = 0;
		};
		07402D622980817000F1F046 /* Frameworks */ = {
			isa = PBXFrameworksBuildPhase;
			buildActionMask = 2147483647;
			files = (
			);
			runOnlyForDeploymentPostprocessing = 0;
		};
		07402D6C2980817000F1F046 /* Frameworks */ = {
			isa = PBXFrameworksBuildPhase;
			buildActionMask = 2147483647;
			files = (
			);
			runOnlyForDeploymentPostprocessing = 0;
		};
/* End PBXFrameworksBuildPhase section */

/* Begin PBXGroup section */
		07402D4C2980816E00F1F046 = {
			isa = PBXGroup;
			children = (
				07402D572980816E00F1F046 /* Shuffle Trip */,
				07402D5C2980817000F1F046 /* Assets.xcassets */,
				07402D682980817000F1F046 /* Shuffle TripTests */,
				07402D722980817000F1F046 /* Shuffle TripUITests */,
				07402D562980816E00F1F046 /* Products */,
			);
			sourceTree = "<group>";
		};
		07402D562980816E00F1F046 /* Products */ = {
			isa = PBXGroup;
			children = (
				07402D552980816E00F1F046 /* Shuffle Trip.app */,
				07402D652980817000F1F046 /* Shuffle TripTests.xctest */,
				07402D6F2980817000F1F046 /* Shuffle TripUITests.xctest */,
			);
			name = Products;
			sourceTree = "<group>";
		};
		07402D572980816E00F1F046 /* Shuffle Trip */ = {
			isa = PBXGroup;
			children = (
				07F71A4229808E10007C7AE6 /* Shuffle-Trip-Info.plist */,
				07402D582980816E00F1F046 /* Shuffle_TripApp.swift */,
				07F71A3A29808788007C7AE6 /* MainScreenMV.swift */,
				07402D822980832C00F1F046 /* Custom Views */,
				07F71A3C2980894B007C7AE6 /* Data */,
				07402D5E2980817000F1F046 /* Preview Content */,
			);
			path = "Shuffle Trip";
			sourceTree = "<group>";
		};
		07402D5E2980817000F1F046 /* Preview Content */ = {
			isa = PBXGroup;
			children = (
				07402D5F2980817000F1F046 /* Preview Assets.xcassets */,
			);
			path = "Preview Content";
			sourceTree = "<group>";
		};
		07402D682980817000F1F046 /* Shuffle TripTests */ = {
			isa = PBXGroup;
			children = (
				07402D692980817000F1F046 /* Shuffle_TripTests.swift */,
			);
			path = "Shuffle TripTests";
			sourceTree = "<group>";
		};
		07402D722980817000F1F046 /* Shuffle TripUITests */ = {
			isa = PBXGroup;
			children = (
				07402D732980817000F1F046 /* Shuffle_TripUITests.swift */,
				07402D752980817000F1F046 /* Shuffle_TripUITestsLaunchTests.swift */,
			);
			path = "Shuffle TripUITests";
			sourceTree = "<group>";
		};
		07402D822980832C00F1F046 /* Custom Views */ = {
			isa = PBXGroup;
			children = (
				07F71A432980EABD007C7AE6 /* Region Selector */,
				07402D832980833B00F1F046 /* BottomDrawer.swift */,
				07402D852980837A00F1F046 /* Blur.swift */,
			);
			path = "Custom Views";
			sourceTree = "<group>";
		};
		07F71A3C2980894B007C7AE6 /* Data */ = {
			isa = PBXGroup;
			children = (
				07F71A3D29808961007C7AE6 /* Default Data */,
				07F71A4029808A3F007C7AE6 /* UserLocation.swift */,
				07F71A4629810133007C7AE6 /* TripLocations.swift */,
			);
			path = Data;
			sourceTree = "<group>";
		};
		07F71A3D29808961007C7AE6 /* Default Data */ = {
			isa = PBXGroup;
			children = (
				07F71A3E29808980007C7AE6 /* MapDetails.swift */,
			);
			path = "Default Data";
			sourceTree = "<group>";
		};
		07F71A432980EABD007C7AE6 /* Region Selector */ = {
			isa = PBXGroup;
			children = (
				07F71A3829808773007C7AE6 /* RegionSelector.swift */,
				07F71A442980EAE0007C7AE6 /* RegionSelectorCoordinator.swift */,
			);
			path = "Region Selector";
			sourceTree = "<group>";
		};
/* End PBXGroup section */

/* Begin PBXNativeTarget section */
		07402D542980816E00F1F046 /* Shuffle Trip */ = {
			isa = PBXNativeTarget;
			buildConfigurationList = 07402D792980817000F1F046 /* Build configuration list for PBXNativeTarget "Shuffle Trip" */;
			buildPhases = (
				07402D512980816E00F1F046 /* Sources */,
				07402D522980816E00F1F046 /* Frameworks */,
				07402D532980816E00F1F046 /* Resources */,
			);
			buildRules = (
			);
			dependencies = (
			);
			name = "Shuffle Trip";
			productName = "Shuffle Trip";
			productReference = 07402D552980816E00F1F046 /* Shuffle Trip.app */;
			productType = "com.apple.product-type.application";
		};
		07402D642980817000F1F046 /* Shuffle TripTests */ = {
			isa = PBXNativeTarget;
			buildConfigurationList = 07402D7C2980817000F1F046 /* Build configuration list for PBXNativeTarget "Shuffle TripTests" */;
			buildPhases = (
				07402D612980817000F1F046 /* Sources */,
				07402D622980817000F1F046 /* Frameworks */,
				07402D632980817000F1F046 /* Resources */,
			);
			buildRules = (
			);
			dependencies = (
				07402D672980817000F1F046 /* PBXTargetDependency */,
			);
			name = "Shuffle TripTests";
			productName = "Shuffle TripTests";
			productReference = 07402D652980817000F1F046 /* Shuffle TripTests.xctest */;
			productType = "com.apple.product-type.bundle.unit-test";
		};
		07402D6E2980817000F1F046 /* Shuffle TripUITests */ = {
			isa = PBXNativeTarget;
			buildConfigurationList = 07402D7F2980817000F1F046 /* Build configuration list for PBXNativeTarget "Shuffle TripUITests" */;
			buildPhases = (
				07402D6B2980817000F1F046 /* Sources */,
				07402D6C2980817000F1F046 /* Frameworks */,
				07402D6D2980817000F1F046 /* Resources */,
			);
			buildRules = (
			);
			dependencies = (
				07402D712980817000F1F046 /* PBXTargetDependency */,
			);
			name = "Shuffle TripUITests";
			productName = "Shuffle TripUITests";
			productReference = 07402D6F2980817000F1F046 /* Shuffle TripUITests.xctest */;
			productType = "com.apple.product-type.bundle.ui-testing";
		};
/* End PBXNativeTarget section */

/* Begin PBXProject section */
		07402D4D2980816E00F1F046 /* Project object */ = {
			isa = PBXProject;
			attributes = {
				BuildIndependentTargetsInParallel = 1;
				LastSwiftUpdateCheck = 1420;
				LastUpgradeCheck = 1420;
				TargetAttributes = {
					07402D542980816E00F1F046 = {
						CreatedOnToolsVersion = 14.2;
					};
					07402D642980817000F1F046 = {
						CreatedOnToolsVersion = 14.2;
						TestTargetID = 07402D542980816E00F1F046;
					};
					07402D6E2980817000F1F046 = {
						CreatedOnToolsVersion = 14.2;
						TestTargetID = 07402D542980816E00F1F046;
					};
				};
			};
			buildConfigurationList = 07402D502980816E00F1F046 /* Build configuration list for PBXProject "Shuffle Trip" */;
			compatibilityVersion = "Xcode 14.0";
			developmentRegion = en;
			hasScannedForEncodings = 0;
			knownRegions = (
				en,
				Base,
			);
			mainGroup = 07402D4C2980816E00F1F046;
			productRefGroup = 07402D562980816E00F1F046 /* Products */;
			projectDirPath = "";
			projectRoot = "";
			targets = (
				07402D542980816E00F1F046 /* Shuffle Trip */,
				07402D642980817000F1F046 /* Shuffle TripTests */,
				07402D6E2980817000F1F046 /* Shuffle TripUITests */,
			);
		};
/* End PBXProject section */

/* Begin PBXResourcesBuildPhase section */
		07402D532980816E00F1F046 /* Resources */ = {
			isa = PBXResourcesBuildPhase;
			buildActionMask = 2147483647;
			files = (
				07402D602980817000F1F046 /* Preview Assets.xcassets in Resources */,
				07402D5D2980817000F1F046 /* Assets.xcassets in Resources */,
			);
			runOnlyForDeploymentPostprocessing = 0;
		};
		07402D632980817000F1F046 /* Resources */ = {
			isa = PBXResourcesBuildPhase;
			buildActionMask = 2147483647;
			files = (
			);
			runOnlyForDeploymentPostprocessing = 0;
		};
		07402D6D2980817000F1F046 /* Resources */ = {
			isa = PBXResourcesBuildPhase;
			buildActionMask = 2147483647;
			files = (
			);
			runOnlyForDeploymentPostprocessing = 0;
		};
/* End PBXResourcesBuildPhase section */

/* Begin PBXSourcesBuildPhase section */
		07402D512980816E00F1F046 /* Sources */ = {
			isa = PBXSourcesBuildPhase;
			buildActionMask = 2147483647;
			files = (
				07F71A4729810133007C7AE6 /* TripLocations.swift in Sources */,
				07F71A3929808773007C7AE6 /* RegionSelector.swift in Sources */,
				07F71A3B29808788007C7AE6 /* MainScreenMV.swift in Sources */,
				07402D862980837A00F1F046 /* Blur.swift in Sources */,
				07F71A452980EAE0007C7AE6 /* RegionSelectorCoordinator.swift in Sources */,
				07402D592980816E00F1F046 /* Shuffle_TripApp.swift in Sources */,
				07F71A3F29808980007C7AE6 /* MapDetails.swift in Sources */,
				07F71A4129808A3F007C7AE6 /* UserLocation.swift in Sources */,
				07402D842980833B00F1F046 /* BottomDrawer.swift in Sources */,
			);
			runOnlyForDeploymentPostprocessing = 0;
		};
		07402D612980817000F1F046 /* Sources */ = {
			isa = PBXSourcesBuildPhase;
			buildActionMask = 2147483647;
			files = (
				07402D6A2980817000F1F046 /* Shuffle_TripTests.swift in Sources */,
			);
			runOnlyForDeploymentPostprocessing = 0;
		};
		07402D6B2980817000F1F046 /* Sources */ = {
			isa = PBXSourcesBuildPhase;
			buildActionMask = 2147483647;
			files = (
				07402D742980817000F1F046 /* Shuffle_TripUITests.swift in Sources */,
				07402D762980817000F1F046 /* Shuffle_TripUITestsLaunchTests.swift in Sources */,
			);
			runOnlyForDeploymentPostprocessing = 0;
		};
/* End PBXSourcesBuildPhase section */

/* Begin PBXTargetDependency section */
		07402D672980817000F1F046 /* PBXTargetDependency */ = {
			isa = PBXTargetDependency;
			target = 07402D542980816E00F1F046 /* Shuffle Trip */;
			targetProxy = 07402D662980817000F1F046 /* PBXContainerItemProxy */;
		};
		07402D712980817000F1F046 /* PBXTargetDependency */ = {
			isa = PBXTargetDependency;
			target = 07402D542980816E00F1F046 /* Shuffle Trip */;
			targetProxy = 07402D702980817000F1F046 /* PBXContainerItemProxy */;
		};
/* End PBXTargetDependency section */

/* Begin XCBuildConfiguration section */
		07402D772980817000F1F046 /* Debug */ = {
			isa = XCBuildConfiguration;
			buildSettings = {
				ALWAYS_SEARCH_USER_PATHS = NO;
				CLANG_ANALYZER_NONNULL = YES;
				CLANG_ANALYZER_NUMBER_OBJECT_CONVERSION = YES_AGGRESSIVE;
				CLANG_CXX_LANGUAGE_STANDARD = "gnu++20";
				CLANG_ENABLE_MODULES = YES;
				CLANG_ENABLE_OBJC_ARC = YES;
				CLANG_ENABLE_OBJC_WEAK = YES;
				CLANG_WARN_BLOCK_CAPTURE_AUTORELEASING = YES;
				CLANG_WARN_BOOL_CONVERSION = YES;
				CLANG_WARN_COMMA = YES;
				CLANG_WARN_CONSTANT_CONVERSION = YES;
				CLANG_WARN_DEPRECATED_OBJC_IMPLEMENTATIONS = YES;
				CLANG_WARN_DIRECT_OBJC_ISA_USAGE = YES_ERROR;
				CLANG_WARN_DOCUMENTATION_COMMENTS = YES;
				CLANG_WARN_EMPTY_BODY = YES;
				CLANG_WARN_ENUM_CONVERSION = YES;
				CLANG_WARN_INFINITE_RECURSION = YES;
				CLANG_WARN_INT_CONVERSION = YES;
				CLANG_WARN_NON_LITERAL_NULL_CONVERSION = YES;
				CLANG_WARN_OBJC_IMPLICIT_RETAIN_SELF = YES;
				CLANG_WARN_OBJC_LITERAL_CONVERSION = YES;
				CLANG_WARN_OBJC_ROOT_CLASS = YES_ERROR;
				CLANG_WARN_QUOTED_INCLUDE_IN_FRAMEWORK_HEADER = YES;
				CLANG_WARN_RANGE_LOOP_ANALYSIS = YES;
				CLANG_WARN_STRICT_PROTOTYPES = YES;
				CLANG_WARN_SUSPICIOUS_MOVE = YES;
				CLANG_WARN_UNGUARDED_AVAILABILITY = YES_AGGRESSIVE;
				CLANG_WARN_UNREACHABLE_CODE = YES;
				CLANG_WARN__DUPLICATE_METHOD_MATCH = YES;
				COPY_PHASE_STRIP = NO;
				DEBUG_INFORMATION_FORMAT = dwarf;
				ENABLE_STRICT_OBJC_MSGSEND = YES;
				ENABLE_TESTABILITY = YES;
				GCC_C_LANGUAGE_STANDARD = gnu11;
				GCC_DYNAMIC_NO_PIC = NO;
				GCC_NO_COMMON_BLOCKS = YES;
				GCC_OPTIMIZATION_LEVEL = 0;
				GCC_PREPROCESSOR_DEFINITIONS = (
					"DEBUG=1",
					"$(inherited)",
				);
				GCC_WARN_64_TO_32_BIT_CONVERSION = YES;
				GCC_WARN_ABOUT_RETURN_TYPE = YES_ERROR;
				GCC_WARN_UNDECLARED_SELECTOR = YES;
				GCC_WARN_UNINITIALIZED_AUTOS = YES_AGGRESSIVE;
				GCC_WARN_UNUSED_FUNCTION = YES;
				GCC_WARN_UNUSED_VARIABLE = YES;
				IPHONEOS_DEPLOYMENT_TARGET = 16.2;
				MTL_ENABLE_DEBUG_INFO = INCLUDE_SOURCE;
				MTL_FAST_MATH = YES;
				ONLY_ACTIVE_ARCH = YES;
				SDKROOT = iphoneos;
				SWIFT_ACTIVE_COMPILATION_CONDITIONS = DEBUG;
				SWIFT_OPTIMIZATION_LEVEL = "-Onone";
			};
			name = Debug;
		};
		07402D782980817000F1F046 /* Release */ = {
			isa = XCBuildConfiguration;
			buildSettings = {
				ALWAYS_SEARCH_USER_PATHS = NO;
				CLANG_ANALYZER_NONNULL = YES;
				CLANG_ANALYZER_NUMBER_OBJECT_CONVERSION = YES_AGGRESSIVE;
				CLANG_CXX_LANGUAGE_STANDARD = "gnu++20";
				CLANG_ENABLE_MODULES = YES;
				CLANG_ENABLE_OBJC_ARC = YES;
				CLANG_ENABLE_OBJC_WEAK = YES;
				CLANG_WARN_BLOCK_CAPTURE_AUTORELEASING = YES;
				CLANG_WARN_BOOL_CONVERSION = YES;
				CLANG_WARN_COMMA = YES;
				CLANG_WARN_CONSTANT_CONVERSION = YES;
				CLANG_WARN_DEPRECATED_OBJC_IMPLEMENTATIONS = YES;
				CLANG_WARN_DIRECT_OBJC_ISA_USAGE = YES_ERROR;
				CLANG_WARN_DOCUMENTATION_COMMENTS = YES;
				CLANG_WARN_EMPTY_BODY = YES;
				CLANG_WARN_ENUM_CONVERSION = YES;
				CLANG_WARN_INFINITE_RECURSION = YES;
				CLANG_WARN_INT_CONVERSION = YES;
				CLANG_WARN_NON_LITERAL_NULL_CONVERSION = YES;
				CLANG_WARN_OBJC_IMPLICIT_RETAIN_SELF = YES;
				CLANG_WARN_OBJC_LITERAL_CONVERSION = YES;
				CLANG_WARN_OBJC_ROOT_CLASS = YES_ERROR;
				CLANG_WARN_QUOTED_INCLUDE_IN_FRAMEWORK_HEADER = YES;
				CLANG_WARN_RANGE_LOOP_ANALYSIS = YES;
				CLANG_WARN_STRICT_PROTOTYPES = YES;
				CLANG_WARN_SUSPICIOUS_MOVE = YES;
				CLANG_WARN_UNGUARDED_AVAILABILITY = YES_AGGRESSIVE;
				CLANG_WARN_UNREACHABLE_CODE = YES;
				CLANG_WARN__DUPLICATE_METHOD_MATCH = YES;
				COPY_PHASE_STRIP = NO;
				DEBUG_INFORMATION_FORMAT = "dwarf-with-dsym";
				ENABLE_NS_ASSERTIONS = NO;
				ENABLE_STRICT_OBJC_MSGSEND = YES;
				GCC_C_LANGUAGE_STANDARD = gnu11;
				GCC_NO_COMMON_BLOCKS = YES;
				GCC_WARN_64_TO_32_BIT_CONVERSION = YES;
				GCC_WARN_ABOUT_RETURN_TYPE = YES_ERROR;
				GCC_WARN_UNDECLARED_SELECTOR = YES;
				GCC_WARN_UNINITIALIZED_AUTOS = YES_AGGRESSIVE;
				GCC_WARN_UNUSED_FUNCTION = YES;
				GCC_WARN_UNUSED_VARIABLE = YES;
				IPHONEOS_DEPLOYMENT_TARGET = 16.2;
				MTL_ENABLE_DEBUG_INFO = NO;
				MTL_FAST_MATH = YES;
				SDKROOT = iphoneos;
				SWIFT_COMPILATION_MODE = wholemodule;
				SWIFT_OPTIMIZATION_LEVEL = "-O";
				VALIDATE_PRODUCT = YES;
			};
			name = Release;
		};
		07402D7A2980817000F1F046 /* Debug */ = {
			isa = XCBuildConfiguration;
			buildSettings = {
				ASSETCATALOG_COMPILER_APPICON_NAME = AppIcon;
				ASSETCATALOG_COMPILER_GLOBAL_ACCENT_COLOR_NAME = AccentColor;
				CODE_SIGN_STYLE = Automatic;
				CURRENT_PROJECT_VERSION = 1;
				DEVELOPMENT_ASSET_PATHS = "\"Shuffle Trip/Preview Content\"";
				DEVELOPMENT_TEAM = 6US573XH9R;
				ENABLE_PREVIEWS = YES;
				GENERATE_INFOPLIST_FILE = YES;
				INFOPLIST_FILE = "Shuffle-Trip-Info.plist";
				INFOPLIST_KEY_NSLocationWhenInUseUsageDescription = "It may be helpful to orient yourself on the map using your location.";
				INFOPLIST_KEY_UIApplicationSceneManifest_Generation = YES;
				INFOPLIST_KEY_UIApplicationSupportsIndirectInputEvents = YES;
				INFOPLIST_KEY_UILaunchScreen_Generation = YES;
				INFOPLIST_KEY_UISupportedInterfaceOrientations_iPad = "UIInterfaceOrientationPortrait UIInterfaceOrientationPortraitUpsideDown UIInterfaceOrientationLandscapeLeft UIInterfaceOrientationLandscapeRight";
				INFOPLIST_KEY_UISupportedInterfaceOrientations_iPhone = "UIInterfaceOrientationPortrait UIInterfaceOrientationLandscapeLeft UIInterfaceOrientationLandscapeRight";
				LD_RUNPATH_SEARCH_PATHS = (
					"$(inherited)",
					"@executable_path/Frameworks",
				);
				MARKETING_VERSION = 1.0;
				PRODUCT_BUNDLE_IDENTIFIER = "com.Shuffle-Trip.Shuffle-Trip";
				PRODUCT_NAME = "$(TARGET_NAME)";
				SWIFT_EMIT_LOC_STRINGS = YES;
				SWIFT_VERSION = 5.0;
				TARGETED_DEVICE_FAMILY = "1,2";
			};
			name = Debug;
		};
		07402D7B2980817000F1F046 /* Release */ = {
			isa = XCBuildConfiguration;
			buildSettings = {
				ASSETCATALOG_COMPILER_APPICON_NAME = AppIcon;
				ASSETCATALOG_COMPILER_GLOBAL_ACCENT_COLOR_NAME = AccentColor;
				CODE_SIGN_STYLE = Automatic;
				CURRENT_PROJECT_VERSION = 1;
				DEVELOPMENT_ASSET_PATHS = "\"Shuffle Trip/Preview Content\"";
				DEVELOPMENT_TEAM = 6US573XH9R;
				ENABLE_PREVIEWS = YES;
				GENERATE_INFOPLIST_FILE = YES;
				INFOPLIST_FILE = "Shuffle-Trip-Info.plist";
				INFOPLIST_KEY_NSLocationWhenInUseUsageDescription = "It may be helpful to orient yourself on the map using your location.";
				INFOPLIST_KEY_UIApplicationSceneManifest_Generation = YES;
				INFOPLIST_KEY_UIApplicationSupportsIndirectInputEvents = YES;
				INFOPLIST_KEY_UILaunchScreen_Generation = YES;
				INFOPLIST_KEY_UISupportedInterfaceOrientations_iPad = "UIInterfaceOrientationPortrait UIInterfaceOrientationPortraitUpsideDown UIInterfaceOrientationLandscapeLeft UIInterfaceOrientationLandscapeRight";
				INFOPLIST_KEY_UISupportedInterfaceOrientations_iPhone = "UIInterfaceOrientationPortrait UIInterfaceOrientationLandscapeLeft UIInterfaceOrientationLandscapeRight";
				LD_RUNPATH_SEARCH_PATHS = (
					"$(inherited)",
					"@executable_path/Frameworks",
				);
				MARKETING_VERSION = 1.0;
				PRODUCT_BUNDLE_IDENTIFIER = "com.Shuffle-Trip.Shuffle-Trip";
				PRODUCT_NAME = "$(TARGET_NAME)";
				SWIFT_EMIT_LOC_STRINGS = YES;
				SWIFT_VERSION = 5.0;
				TARGETED_DEVICE_FAMILY = "1,2";
			};
			name = Release;
		};
		07402D7D2980817000F1F046 /* Debug */ = {
			isa = XCBuildConfiguration;
			buildSettings = {
				ALWAYS_EMBED_SWIFT_STANDARD_LIBRARIES = YES;
				BUNDLE_LOADER = "$(TEST_HOST)";
				CODE_SIGN_STYLE = Automatic;
				CURRENT_PROJECT_VERSION = 1;
				DEVELOPMENT_TEAM = 6US573XH9R;
				GENERATE_INFOPLIST_FILE = YES;
				IPHONEOS_DEPLOYMENT_TARGET = 16.2;
				MARKETING_VERSION = 1.0;
				PRODUCT_BUNDLE_IDENTIFIER = "com.Shuffle-Trip.Shuffle-TripTests";
				PRODUCT_NAME = "$(TARGET_NAME)";
				SWIFT_EMIT_LOC_STRINGS = NO;
				SWIFT_VERSION = 5.0;
				TARGETED_DEVICE_FAMILY = "1,2";
				TEST_HOST = "$(BUILT_PRODUCTS_DIR)/Shuffle Trip.app/$(BUNDLE_EXECUTABLE_FOLDER_PATH)/Shuffle Trip";
			};
			name = Debug;
		};
		07402D7E2980817000F1F046 /* Release */ = {
			isa = XCBuildConfiguration;
			buildSettings = {
				ALWAYS_EMBED_SWIFT_STANDARD_LIBRARIES = YES;
				BUNDLE_LOADER = "$(TEST_HOST)";
				CODE_SIGN_STYLE = Automatic;
				CURRENT_PROJECT_VERSION = 1;
				DEVELOPMENT_TEAM = 6US573XH9R;
				GENERATE_INFOPLIST_FILE = YES;
				IPHONEOS_DEPLOYMENT_TARGET = 16.2;
				MARKETING_VERSION = 1.0;
				PRODUCT_BUNDLE_IDENTIFIER = "com.Shuffle-Trip.Shuffle-TripTests";
				PRODUCT_NAME = "$(TARGET_NAME)";
				SWIFT_EMIT_LOC_STRINGS = NO;
				SWIFT_VERSION = 5.0;
				TARGETED_DEVICE_FAMILY = "1,2";
				TEST_HOST = "$(BUILT_PRODUCTS_DIR)/Shuffle Trip.app/$(BUNDLE_EXECUTABLE_FOLDER_PATH)/Shuffle Trip";
			};
			name = Release;
		};
		07402D802980817000F1F046 /* Debug */ = {
			isa = XCBuildConfiguration;
			buildSettings = {
				ALWAYS_EMBED_SWIFT_STANDARD_LIBRARIES = YES;
				CODE_SIGN_STYLE = Automatic;
				CURRENT_PROJECT_VERSION = 1;
				DEVELOPMENT_TEAM = 6US573XH9R;
				GENERATE_INFOPLIST_FILE = YES;
				MARKETING_VERSION = 1.0;
				PRODUCT_BUNDLE_IDENTIFIER = "com.Shuffle-Trip.Shuffle-TripUITests";
				PRODUCT_NAME = "$(TARGET_NAME)";
				SWIFT_EMIT_LOC_STRINGS = NO;
				SWIFT_VERSION = 5.0;
				TARGETED_DEVICE_FAMILY = "1,2";
				TEST_TARGET_NAME = "Shuffle Trip";
			};
			name = Debug;
		};
		07402D812980817000F1F046 /* Release */ = {
			isa = XCBuildConfiguration;
			buildSettings = {
				ALWAYS_EMBED_SWIFT_STANDARD_LIBRARIES = YES;
				CODE_SIGN_STYLE = Automatic;
				CURRENT_PROJECT_VERSION = 1;
				DEVELOPMENT_TEAM = 6US573XH9R;
				GENERATE_INFOPLIST_FILE = YES;
				MARKETING_VERSION = 1.0;
				PRODUCT_BUNDLE_IDENTIFIER = "com.Shuffle-Trip.Shuffle-TripUITests";
				PRODUCT_NAME = "$(TARGET_NAME)";
				SWIFT_EMIT_LOC_STRINGS = NO;
				SWIFT_VERSION = 5.0;
				TARGETED_DEVICE_FAMILY = "1,2";
				TEST_TARGET_NAME = "Shuffle Trip";
			};
			name = Release;
		};
/* End XCBuildConfiguration section */

/* Begin XCConfigurationList section */
		07402D502980816E00F1F046 /* Build configuration list for PBXProject "Shuffle Trip" */ = {
			isa = XCConfigurationList;
			buildConfigurations = (
				07402D772980817000F1F046 /* Debug */,
				07402D782980817000F1F046 /* Release */,
			);
			defaultConfigurationIsVisible = 0;
			defaultConfigurationName = Release;
		};
		07402D792980817000F1F046 /* Build configuration list for PBXNativeTarget "Shuffle Trip" */ = {
			isa = XCConfigurationList;
			buildConfigurations = (
				07402D7A2980817000F1F046 /* Debug */,
				07402D7B2980817000F1F046 /* Release */,
			);
			defaultConfigurationIsVisible = 0;
			defaultConfigurationName = Release;
		};
		07402D7C2980817000F1F046 /* Build configuration list for PBXNativeTarget "Shuffle TripTests" */ = {
			isa = XCConfigurationList;
			buildConfigurations = (
				07402D7D2980817000F1F046 /* Debug */,
				07402D7E2980817000F1F046 /* Release */,
			);
			defaultConfigurationIsVisible = 0;
			defaultConfigurationName = Release;
		};
		07402D7F2980817000F1F046 /* Build configuration list for PBXNativeTarget "Shuffle TripUITests" */ = {
			isa = XCConfigurationList;
			buildConfigurations = (
				07402D802980817000F1F046 /* Debug */,
				07402D812980817000F1F046 /* Release */,
			);
			defaultConfigurationIsVisible = 0;
			defaultConfigurationName = Release;
		};
/* End XCConfigurationList section */
	};
	rootObject = 07402D4D2980816E00F1F046 /* Project object */;
}
